// !$*UTF8*$!
{
	archiveVersion = 1;
	classes = {
	};
	objectVersion = 46;
	objects = {

/* Begin PBXBuildFile section */
		4318BE3F1B6C6D3200BE3B31 /* main.m in Sources */ = {isa = PBXBuildFile; fileRef = 4318BE3E1B6C6D3200BE3B31 /* main.m */; };
		4318BE421B6C6D3200BE3B31 /* AppDelegate.m in Sources */ = {isa = PBXBuildFile; fileRef = 4318BE411B6C6D3200BE3B31 /* AppDelegate.m */; };
		4318BE451B6C6D3200BE3B31 /* ViewController.m in Sources */ = {isa = PBXBuildFile; fileRef = 4318BE441B6C6D3200BE3B31 /* ViewController.m */; };
		4318BE481B6C6D3200BE3B31 /* Main.storyboard in Resources */ = {isa = PBXBuildFile; fileRef = 4318BE461B6C6D3200BE3B31 /* Main.storyboard */; };
		4318BE4A1B6C6D3200BE3B31 /* Images.xcassets in Resources */ = {isa = PBXBuildFile; fileRef = 4318BE491B6C6D3200BE3B31 /* Images.xcassets */; };
		4318BE4D1B6C6D3200BE3B31 /* LaunchScreen.xib in Resources */ = {isa = PBXBuildFile; fileRef = 4318BE4B1B6C6D3200BE3B31 /* LaunchScreen.xib */; };
		4318BE591B6C6D3200BE3B31 /* ChingTests.m in Sources */ = {isa = PBXBuildFile; fileRef = 4318BE581B6C6D3200BE3B31 /* ChingTests.m */; };
		4318BE6C1B6C6D8100BE3B31 /* ChingKit.h in Headers */ = {isa = PBXBuildFile; fileRef = 4318BE6B1B6C6D8100BE3B31 /* ChingKit.h */; settings = {ATTRIBUTES = (Public, ); }; };
		4318BE721B6C6D8100BE3B31 /* ChingKit.framework in Frameworks */ = {isa = PBXBuildFile; fileRef = 4318BE671B6C6D8100BE3B31 /* ChingKit.framework */; };
		4318BE7E1B6C6D8100BE3B31 /* ChingKit.framework in Frameworks */ = {isa = PBXBuildFile; fileRef = 4318BE671B6C6D8100BE3B31 /* ChingKit.framework */; };
		4318BE7F1B6C6D8100BE3B31 /* ChingKit.framework in Embed Frameworks */ = {isa = PBXBuildFile; fileRef = 4318BE671B6C6D8100BE3B31 /* ChingKit.framework */; settings = {ATTRIBUTES = (CodeSignOnCopy, RemoveHeadersOnCopy, ); }; };
		434A77701B6D2A6E00E20313 /* Expecta.framework in Frameworks */ = {isa = PBXBuildFile; fileRef = 434A776B1B6D293D00E20313 /* Expecta.framework */; };
		434A77711B6D2A6E00E20313 /* Specta.framework in Frameworks */ = {isa = PBXBuildFile; fileRef = 434A77661B6D279000E20313 /* Specta.framework */; };
/* End PBXBuildFile section */

/* Begin PBXContainerItemProxy section */
		4318BE531B6C6D3200BE3B31 /* PBXContainerItemProxy */ = {
			isa = PBXContainerItemProxy;
			containerPortal = 4318BE311B6C6D3200BE3B31 /* Project object */;
			proxyType = 1;
			remoteGlobalIDString = 4318BE381B6C6D3200BE3B31;
			remoteInfo = Ching;
		};
		4318BE731B6C6D8100BE3B31 /* PBXContainerItemProxy */ = {
			isa = PBXContainerItemProxy;
			containerPortal = 4318BE311B6C6D3200BE3B31 /* Project object */;
			proxyType = 1;
			remoteGlobalIDString = 4318BE661B6C6D8100BE3B31;
			remoteInfo = ChingKit;
		};
		4318BE751B6C6D8100BE3B31 /* PBXContainerItemProxy */ = {
			isa = PBXContainerItemProxy;
			containerPortal = 4318BE311B6C6D3200BE3B31 /* Project object */;
			proxyType = 1;
			remoteGlobalIDString = 4318BE381B6C6D3200BE3B31;
			remoteInfo = Ching;
		};
		4318BE7C1B6C6D8100BE3B31 /* PBXContainerItemProxy */ = {
			isa = PBXContainerItemProxy;
			containerPortal = 4318BE311B6C6D3200BE3B31 /* Project object */;
			proxyType = 1;
			remoteGlobalIDString = 4318BE661B6C6D8100BE3B31;
			remoteInfo = ChingKit;
		};
/* End PBXContainerItemProxy section */

/* Begin PBXCopyFilesBuildPhase section */
		4318BE831B6C6D8100BE3B31 /* Embed Frameworks */ = {
			isa = PBXCopyFilesBuildPhase;
			buildActionMask = 2147483647;
			dstPath = "";
			dstSubfolderSpec = 10;
			files = (
				4318BE7F1B6C6D8100BE3B31 /* ChingKit.framework in Embed Frameworks */,
			);
			name = "Embed Frameworks";
			runOnlyForDeploymentPostprocessing = 0;
		};
/* End PBXCopyFilesBuildPhase section */

/* Begin PBXFileReference section */
		4318BE391B6C6D3200BE3B31 /* Ching.app */ = {isa = PBXFileReference; explicitFileType = wrapper.application; includeInIndex = 0; path = Ching.app; sourceTree = BUILT_PRODUCTS_DIR; };
		4318BE3D1B6C6D3200BE3B31 /* Info.plist */ = {isa = PBXFileReference; lastKnownFileType = text.plist.xml; path = Info.plist; sourceTree = "<group>"; };
		4318BE3E1B6C6D3200BE3B31 /* main.m */ = {isa = PBXFileReference; lastKnownFileType = sourcecode.c.objc; path = main.m; sourceTree = "<group>"; };
		4318BE401B6C6D3200BE3B31 /* AppDelegate.h */ = {isa = PBXFileReference; lastKnownFileType = sourcecode.c.h; path = AppDelegate.h; sourceTree = "<group>"; };
		4318BE411B6C6D3200BE3B31 /* AppDelegate.m */ = {isa = PBXFileReference; lastKnownFileType = sourcecode.c.objc; path = AppDelegate.m; sourceTree = "<group>"; };
		4318BE431B6C6D3200BE3B31 /* ViewController.h */ = {isa = PBXFileReference; lastKnownFileType = sourcecode.c.h; path = ViewController.h; sourceTree = "<group>"; };
		4318BE441B6C6D3200BE3B31 /* ViewController.m */ = {isa = PBXFileReference; lastKnownFileType = sourcecode.c.objc; path = ViewController.m; sourceTree = "<group>"; };
		4318BE471B6C6D3200BE3B31 /* Base */ = {isa = PBXFileReference; lastKnownFileType = file.storyboard; name = Base; path = Base.lproj/Main.storyboard; sourceTree = "<group>"; };
		4318BE491B6C6D3200BE3B31 /* Images.xcassets */ = {isa = PBXFileReference; lastKnownFileType = folder.assetcatalog; path = Images.xcassets; sourceTree = "<group>"; };
		4318BE4C1B6C6D3200BE3B31 /* Base */ = {isa = PBXFileReference; lastKnownFileType = file.xib; name = Base; path = Base.lproj/LaunchScreen.xib; sourceTree = "<group>"; };
		4318BE521B6C6D3200BE3B31 /* ChingTests.xctest */ = {isa = PBXFileReference; explicitFileType = wrapper.cfbundle; includeInIndex = 0; path = ChingTests.xctest; sourceTree = BUILT_PRODUCTS_DIR; };
		4318BE571B6C6D3200BE3B31 /* Info.plist */ = {isa = PBXFileReference; lastKnownFileType = text.plist.xml; path = Info.plist; sourceTree = "<group>"; };
		4318BE581B6C6D3200BE3B31 /* ChingTests.m */ = {isa = PBXFileReference; lastKnownFileType = sourcecode.c.objc; path = ChingTests.m; sourceTree = "<group>"; };
		4318BE671B6C6D8100BE3B31 /* ChingKit.framework */ = {isa = PBXFileReference; explicitFileType = wrapper.framework; includeInIndex = 0; path = ChingKit.framework; sourceTree = BUILT_PRODUCTS_DIR; };
		4318BE6A1B6C6D8100BE3B31 /* Info.plist */ = {isa = PBXFileReference; lastKnownFileType = text.plist.xml; path = Info.plist; sourceTree = "<group>"; };
		4318BE6B1B6C6D8100BE3B31 /* ChingKit.h */ = {isa = PBXFileReference; lastKnownFileType = sourcecode.c.h; path = ChingKit.h; sourceTree = "<group>"; };
		4318BE711B6C6D8100BE3B31 /* ChingKitTests.xctest */ = {isa = PBXFileReference; explicitFileType = wrapper.cfbundle; includeInIndex = 0; path = ChingKitTests.xctest; sourceTree = BUILT_PRODUCTS_DIR; };
		4318BE791B6C6D8100BE3B31 /* Info.plist */ = {isa = PBXFileReference; lastKnownFileType = text.plist.xml; path = Info.plist; sourceTree = "<group>"; };
		434A77661B6D279000E20313 /* Specta.framework */ = {isa = PBXFileReference; lastKnownFileType = wrapper.framework; name = Specta.framework; path = Carthage/Build/iOS/Specta.framework; sourceTree = "<group>"; };
		434A776B1B6D293D00E20313 /* Expecta.framework */ = {isa = PBXFileReference; lastKnownFileType = wrapper.framework; name = Expecta.framework; path = Carthage/Build/iOS/Expecta.framework; sourceTree = "<group>"; };
/* End PBXFileReference section */

/* Begin PBXFrameworksBuildPhase section */
		4318BE361B6C6D3200BE3B31 /* Frameworks */ = {
			isa = PBXFrameworksBuildPhase;
			buildActionMask = 2147483647;
			files = (
				4318BE7E1B6C6D8100BE3B31 /* ChingKit.framework in Frameworks */,
			);
			runOnlyForDeploymentPostprocessing = 0;
		};
		4318BE4F1B6C6D3200BE3B31 /* Frameworks */ = {
			isa = PBXFrameworksBuildPhase;
			buildActionMask = 2147483647;
			files = (
			);
			runOnlyForDeploymentPostprocessing = 0;
		};
		4318BE631B6C6D8100BE3B31 /* Frameworks */ = {
			isa = PBXFrameworksBuildPhase;
			buildActionMask = 2147483647;
			files = (
			);
			runOnlyForDeploymentPostprocessing = 0;
		};
		4318BE6E1B6C6D8100BE3B31 /* Frameworks */ = {
			isa = PBXFrameworksBuildPhase;
			buildActionMask = 2147483647;
			files = (
				4318BE721B6C6D8100BE3B31 /* ChingKit.framework in Frameworks */,
				434A77701B6D2A6E00E20313 /* Expecta.framework in Frameworks */,
				434A77711B6D2A6E00E20313 /* Specta.framework in Frameworks */,
			);
			runOnlyForDeploymentPostprocessing = 0;
		};
/* End PBXFrameworksBuildPhase section */

/* Begin PBXGroup section */
		4318BE301B6C6D3200BE3B31 = {
			isa = PBXGroup;
			children = (
				4318BE3B1B6C6D3200BE3B31 /* Ching */,
				4318BE551B6C6D3200BE3B31 /* ChingTests */,
				4318BE681B6C6D8100BE3B31 /* ChingKit */,
				4318BE771B6C6D8100BE3B31 /* ChingKitTests */,
				43BB0C541B6EA65F00270058 /* Frameworks */,
				4318BE3A1B6C6D3200BE3B31 /* Products */,
			);
			sourceTree = "<group>";
		};
		4318BE3A1B6C6D3200BE3B31 /* Products */ = {
			isa = PBXGroup;
			children = (
				4318BE391B6C6D3200BE3B31 /* Ching.app */,
				4318BE521B6C6D3200BE3B31 /* ChingTests.xctest */,
				4318BE671B6C6D8100BE3B31 /* ChingKit.framework */,
				4318BE711B6C6D8100BE3B31 /* ChingKitTests.xctest */,
			);
			name = Products;
			sourceTree = "<group>";
		};
		4318BE3B1B6C6D3200BE3B31 /* Ching */ = {
			isa = PBXGroup;
			children = (
				4318BE401B6C6D3200BE3B31 /* AppDelegate.h */,
				4318BE411B6C6D3200BE3B31 /* AppDelegate.m */,
				4318BE431B6C6D3200BE3B31 /* ViewController.h */,
				4318BE441B6C6D3200BE3B31 /* ViewController.m */,
				4318BE461B6C6D3200BE3B31 /* Main.storyboard */,
				4318BE491B6C6D3200BE3B31 /* Images.xcassets */,
				4318BE4B1B6C6D3200BE3B31 /* LaunchScreen.xib */,
				4318BE3C1B6C6D3200BE3B31 /* Supporting Files */,
			);
			path = Ching;
			sourceTree = "<group>";
		};
		4318BE3C1B6C6D3200BE3B31 /* Supporting Files */ = {
			isa = PBXGroup;
			children = (
				4318BE3D1B6C6D3200BE3B31 /* Info.plist */,
				4318BE3E1B6C6D3200BE3B31 /* main.m */,
			);
			name = "Supporting Files";
			sourceTree = "<group>";
		};
		4318BE551B6C6D3200BE3B31 /* ChingTests */ = {
			isa = PBXGroup;
			children = (
				4318BE581B6C6D3200BE3B31 /* ChingTests.m */,
				4318BE561B6C6D3200BE3B31 /* Supporting Files */,
			);
			path = ChingTests;
			sourceTree = "<group>";
		};
		4318BE561B6C6D3200BE3B31 /* Supporting Files */ = {
			isa = PBXGroup;
			children = (
				4318BE571B6C6D3200BE3B31 /* Info.plist */,
			);
			name = "Supporting Files";
			sourceTree = "<group>";
		};
		4318BE681B6C6D8100BE3B31 /* ChingKit */ = {
			isa = PBXGroup;
			children = (
				4318BE6B1B6C6D8100BE3B31 /* ChingKit.h */,
				4318BE691B6C6D8100BE3B31 /* Supporting Files */,
			);
			path = ChingKit;
			sourceTree = "<group>";
		};
		4318BE691B6C6D8100BE3B31 /* Supporting Files */ = {
			isa = PBXGroup;
			children = (
				4318BE6A1B6C6D8100BE3B31 /* Info.plist */,
			);
			name = "Supporting Files";
			sourceTree = "<group>";
		};
		4318BE771B6C6D8100BE3B31 /* ChingKitTests */ = {
			isa = PBXGroup;
			children = (
				4318BE781B6C6D8100BE3B31 /* Supporting Files */,
			);
			path = ChingKitTests;
			sourceTree = "<group>";
		};
		4318BE781B6C6D8100BE3B31 /* Supporting Files */ = {
			isa = PBXGroup;
			children = (
				4318BE791B6C6D8100BE3B31 /* Info.plist */,
			);
			name = "Supporting Files";
			sourceTree = "<group>";
		};
		43BB0C541B6EA65F00270058 /* Frameworks */ = {
			isa = PBXGroup;
			children = (
				434A776B1B6D293D00E20313 /* Expecta.framework */,
				434A77661B6D279000E20313 /* Specta.framework */,
			);
			name = Frameworks;
			sourceTree = "<group>";
		};
/* End PBXGroup section */

/* Begin PBXHeadersBuildPhase section */
		4318BE641B6C6D8100BE3B31 /* Headers */ = {
			isa = PBXHeadersBuildPhase;
			buildActionMask = 2147483647;
			files = (
				4318BE6C1B6C6D8100BE3B31 /* ChingKit.h in Headers */,
			);
			runOnlyForDeploymentPostprocessing = 0;
		};
/* End PBXHeadersBuildPhase section */

/* Begin PBXNativeTarget section */
		4318BE381B6C6D3200BE3B31 /* Ching */ = {
			isa = PBXNativeTarget;
			buildConfigurationList = 4318BE5C1B6C6D3200BE3B31 /* Build configuration list for PBXNativeTarget "Ching" */;
			buildPhases = (
				4318BE351B6C6D3200BE3B31 /* Sources */,
				4318BE361B6C6D3200BE3B31 /* Frameworks */,
				4318BE371B6C6D3200BE3B31 /* Resources */,
				4318BE831B6C6D8100BE3B31 /* Embed Frameworks */,
			);
			buildRules = (
			);
			dependencies = (
				4318BE7D1B6C6D8100BE3B31 /* PBXTargetDependency */,
			);
			name = Ching;
			productName = Ching;
			productReference = 4318BE391B6C6D3200BE3B31 /* Ching.app */;
			productType = "com.apple.product-type.application";
		};
		4318BE511B6C6D3200BE3B31 /* ChingTests */ = {
			isa = PBXNativeTarget;
			buildConfigurationList = 4318BE5F1B6C6D3200BE3B31 /* Build configuration list for PBXNativeTarget "ChingTests" */;
			buildPhases = (
				4318BE4E1B6C6D3200BE3B31 /* Sources */,
				4318BE4F1B6C6D3200BE3B31 /* Frameworks */,
				4318BE501B6C6D3200BE3B31 /* Resources */,
			);
			buildRules = (
			);
			dependencies = (
				4318BE541B6C6D3200BE3B31 /* PBXTargetDependency */,
			);
			name = ChingTests;
			productName = ChingTests;
			productReference = 4318BE521B6C6D3200BE3B31 /* ChingTests.xctest */;
			productType = "com.apple.product-type.bundle.unit-test";
		};
		4318BE661B6C6D8100BE3B31 /* ChingKit */ = {
			isa = PBXNativeTarget;
			buildConfigurationList = 4318BE801B6C6D8100BE3B31 /* Build configuration list for PBXNativeTarget "ChingKit" */;
			buildPhases = (
				4318BE621B6C6D8100BE3B31 /* Sources */,
				4318BE631B6C6D8100BE3B31 /* Frameworks */,
				4318BE641B6C6D8100BE3B31 /* Headers */,
				4318BE651B6C6D8100BE3B31 /* Resources */,
			);
			buildRules = (
			);
			dependencies = (
			);
			name = ChingKit;
			productName = ChingKit;
			productReference = 4318BE671B6C6D8100BE3B31 /* ChingKit.framework */;
			productType = "com.apple.product-type.framework";
		};
		4318BE701B6C6D8100BE3B31 /* ChingKitTests */ = {
			isa = PBXNativeTarget;
			buildConfigurationList = 4318BE841B6C6D8100BE3B31 /* Build configuration list for PBXNativeTarget "ChingKitTests" */;
			buildPhases = (
				4318BE6D1B6C6D8100BE3B31 /* Sources */,
				4318BE6E1B6C6D8100BE3B31 /* Frameworks */,
				4318BE6F1B6C6D8100BE3B31 /* Resources */,
				434A776F1B6D2A5A00E20313 /* Embed Carthage Frameworks */,
			);
			buildRules = (
			);
			dependencies = (
				4318BE741B6C6D8100BE3B31 /* PBXTargetDependency */,
				4318BE761B6C6D8100BE3B31 /* PBXTargetDependency */,
			);
			name = ChingKitTests;
			productName = ChingKitTests;
			productReference = 4318BE711B6C6D8100BE3B31 /* ChingKitTests.xctest */;
			productType = "com.apple.product-type.bundle.unit-test";
		};
/* End PBXNativeTarget section */

/* Begin PBXProject section */
		4318BE311B6C6D3200BE3B31 /* Project object */ = {
			isa = PBXProject;
			attributes = {
				LastUpgradeCheck = 0640;
				ORGANIZATIONNAME = "Nate Armstrong";
				TargetAttributes = {
					4318BE381B6C6D3200BE3B31 = {
						CreatedOnToolsVersion = 6.4;
					};
					4318BE511B6C6D3200BE3B31 = {
						CreatedOnToolsVersion = 6.4;
						TestTargetID = 4318BE381B6C6D3200BE3B31;
					};
					4318BE661B6C6D8100BE3B31 = {
						CreatedOnToolsVersion = 6.4;
					};
					4318BE701B6C6D8100BE3B31 = {
						CreatedOnToolsVersion = 6.4;
						TestTargetID = 4318BE381B6C6D3200BE3B31;
					};
				};
			};
			buildConfigurationList = 4318BE341B6C6D3200BE3B31 /* Build configuration list for PBXProject "Ching" */;
			compatibilityVersion = "Xcode 3.2";
			developmentRegion = English;
			hasScannedForEncodings = 0;
			knownRegions = (
				en,
				Base,
			);
			mainGroup = 4318BE301B6C6D3200BE3B31;
			productRefGroup = 4318BE3A1B6C6D3200BE3B31 /* Products */;
			projectDirPath = "";
			projectRoot = "";
			targets = (
				4318BE381B6C6D3200BE3B31 /* Ching */,
				4318BE511B6C6D3200BE3B31 /* ChingTests */,
				4318BE661B6C6D8100BE3B31 /* ChingKit */,
				4318BE701B6C6D8100BE3B31 /* ChingKitTests */,
			);
		};
/* End PBXProject section */

/* Begin PBXResourcesBuildPhase section */
		4318BE371B6C6D3200BE3B31 /* Resources */ = {
			isa = PBXResourcesBuildPhase;
			buildActionMask = 2147483647;
			files = (
				4318BE481B6C6D3200BE3B31 /* Main.storyboard in Resources */,
				4318BE4D1B6C6D3200BE3B31 /* LaunchScreen.xib in Resources */,
				4318BE4A1B6C6D3200BE3B31 /* Images.xcassets in Resources */,
			);
			runOnlyForDeploymentPostprocessing = 0;
		};
		4318BE501B6C6D3200BE3B31 /* Resources */ = {
			isa = PBXResourcesBuildPhase;
			buildActionMask = 2147483647;
			files = (
			);
			runOnlyForDeploymentPostprocessing = 0;
		};
		4318BE651B6C6D8100BE3B31 /* Resources */ = {
			isa = PBXResourcesBuildPhase;
			buildActionMask = 2147483647;
			files = (
			);
			runOnlyForDeploymentPostprocessing = 0;
		};
		4318BE6F1B6C6D8100BE3B31 /* Resources */ = {
			isa = PBXResourcesBuildPhase;
			buildActionMask = 2147483647;
			files = (
			);
			runOnlyForDeploymentPostprocessing = 0;
		};
/* End PBXResourcesBuildPhase section */

/* Begin PBXShellScriptBuildPhase section */
		434A776F1B6D2A5A00E20313 /* Embed Carthage Frameworks */ = {
			isa = PBXShellScriptBuildPhase;
			buildActionMask = 2147483647;
			files = (
			);
			inputPaths = (
				"$(SRCROOT)/Carthage/Build/iOS/Specta.framework",
				"$(SRCROOT)/Carthage/Build/iOS/Expecta.framework",
			);
			name = "Embed Carthage Frameworks";
			outputPaths = (
			);
			runOnlyForDeploymentPostprocessing = 0;
			shellPath = /bin/sh;
			shellScript = "/usr/local/bin/carthage copy-frameworks\n";
		};
/* End PBXShellScriptBuildPhase section */

/* Begin PBXSourcesBuildPhase section */
		4318BE351B6C6D3200BE3B31 /* Sources */ = {
			isa = PBXSourcesBuildPhase;
			buildActionMask = 2147483647;
			files = (
				4318BE451B6C6D3200BE3B31 /* ViewController.m in Sources */,
				4318BE421B6C6D3200BE3B31 /* AppDelegate.m in Sources */,
				4318BE3F1B6C6D3200BE3B31 /* main.m in Sources */,
			);
			runOnlyForDeploymentPostprocessing = 0;
		};
		4318BE4E1B6C6D3200BE3B31 /* Sources */ = {
			isa = PBXSourcesBuildPhase;
			buildActionMask = 2147483647;
			files = (
				4318BE591B6C6D3200BE3B31 /* ChingTests.m in Sources */,
			);
			runOnlyForDeploymentPostprocessing = 0;
		};
		4318BE621B6C6D8100BE3B31 /* Sources */ = {
			isa = PBXSourcesBuildPhase;
			buildActionMask = 2147483647;
			files = (
			);
			runOnlyForDeploymentPostprocessing = 0;
		};
		4318BE6D1B6C6D8100BE3B31 /* Sources */ = {
			isa = PBXSourcesBuildPhase;
			buildActionMask = 2147483647;
			files = (
			);
			runOnlyForDeploymentPostprocessing = 0;
		};
/* End PBXSourcesBuildPhase section */

/* Begin PBXTargetDependency section */
		4318BE541B6C6D3200BE3B31 /* PBXTargetDependency */ = {
			isa = PBXTargetDependency;
			target = 4318BE381B6C6D3200BE3B31 /* Ching */;
			targetProxy = 4318BE531B6C6D3200BE3B31 /* PBXContainerItemProxy */;
		};
		4318BE741B6C6D8100BE3B31 /* PBXTargetDependency */ = {
			isa = PBXTargetDependency;
			target = 4318BE661B6C6D8100BE3B31 /* ChingKit */;
			targetProxy = 4318BE731B6C6D8100BE3B31 /* PBXContainerItemProxy */;
		};
		4318BE761B6C6D8100BE3B31 /* PBXTargetDependency */ = {
			isa = PBXTargetDependency;
			target = 4318BE381B6C6D3200BE3B31 /* Ching */;
			targetProxy = 4318BE751B6C6D8100BE3B31 /* PBXContainerItemProxy */;
		};
		4318BE7D1B6C6D8100BE3B31 /* PBXTargetDependency */ = {
			isa = PBXTargetDependency;
			target = 4318BE661B6C6D8100BE3B31 /* ChingKit */;
			targetProxy = 4318BE7C1B6C6D8100BE3B31 /* PBXContainerItemProxy */;
		};
/* End PBXTargetDependency section */

/* Begin PBXVariantGroup section */
		4318BE461B6C6D3200BE3B31 /* Main.storyboard */ = {
			isa = PBXVariantGroup;
			children = (
				4318BE471B6C6D3200BE3B31 /* Base */,
			);
			name = Main.storyboard;
			sourceTree = "<group>";
		};
		4318BE4B1B6C6D3200BE3B31 /* LaunchScreen.xib */ = {
			isa = PBXVariantGroup;
			children = (
				4318BE4C1B6C6D3200BE3B31 /* Base */,
			);
			name = LaunchScreen.xib;
			sourceTree = "<group>";
		};
/* End PBXVariantGroup section */

/* Begin XCBuildConfiguration section */
		4318BE5A1B6C6D3200BE3B31 /* Debug */ = {
			isa = XCBuildConfiguration;
			buildSettings = {
				ALWAYS_SEARCH_USER_PATHS = NO;
				CLANG_CXX_LANGUAGE_STANDARD = "gnu++0x";
				CLANG_CXX_LIBRARY = "libc++";
				CLANG_ENABLE_MODULES = YES;
				CLANG_ENABLE_OBJC_ARC = YES;
				CLANG_WARN_BOOL_CONVERSION = YES;
				CLANG_WARN_CONSTANT_CONVERSION = YES;
				CLANG_WARN_DIRECT_OBJC_ISA_USAGE = YES_ERROR;
				CLANG_WARN_EMPTY_BODY = YES;
				CLANG_WARN_ENUM_CONVERSION = YES;
				CLANG_WARN_INT_CONVERSION = YES;
				CLANG_WARN_OBJC_ROOT_CLASS = YES_ERROR;
				CLANG_WARN_UNREACHABLE_CODE = YES;
				CLANG_WARN__DUPLICATE_METHOD_MATCH = YES;
				"CODE_SIGN_IDENTITY[sdk=iphoneos*]" = "iPhone Developer";
				COPY_PHASE_STRIP = NO;
				DEBUG_INFORMATION_FORMAT = "dwarf-with-dsym";
				ENABLE_STRICT_OBJC_MSGSEND = YES;
				GCC_C_LANGUAGE_STANDARD = gnu99;
				GCC_DYNAMIC_NO_PIC = NO;
				GCC_NO_COMMON_BLOCKS = YES;
				GCC_OPTIMIZATION_LEVEL = 0;
				GCC_PREPROCESSOR_DEFINITIONS = (
					"DEBUG=1",
					"$(inherited)",
				);
				GCC_SYMBOLS_PRIVATE_EXTERN = NO;
				GCC_WARN_64_TO_32_BIT_CONVERSION = YES;
				GCC_WARN_ABOUT_RETURN_TYPE = YES_ERROR;
				GCC_WARN_UNDECLARED_SELECTOR = YES;
				GCC_WARN_UNINITIALIZED_AUTOS = YES_AGGRESSIVE;
				GCC_WARN_UNUSED_FUNCTION = YES;
				GCC_WARN_UNUSED_VARIABLE = YES;
				IPHONEOS_DEPLOYMENT_TARGET = 8.4;
				MTL_ENABLE_DEBUG_INFO = YES;
				ONLY_ACTIVE_ARCH = YES;
				SDKROOT = iphoneos;
				TARGETED_DEVICE_FAMILY = "1,2";
			};
			name = Debug;
		};
		4318BE5B1B6C6D3200BE3B31 /* Release */ = {
			isa = XCBuildConfiguration;
			buildSettings = {
				ALWAYS_SEARCH_USER_PATHS = NO;
				CLANG_CXX_LANGUAGE_STANDARD = "gnu++0x";
				CLANG_CXX_LIBRARY = "libc++";
				CLANG_ENABLE_MODULES = YES;
				CLANG_ENABLE_OBJC_ARC = YES;
				CLANG_WARN_BOOL_CONVERSION = YES;
				CLANG_WARN_CONSTANT_CONVERSION = YES;
				CLANG_WARN_DIRECT_OBJC_ISA_USAGE = YES_ERROR;
				CLANG_WARN_EMPTY_BODY = YES;
				CLANG_WARN_ENUM_CONVERSION = YES;
				CLANG_WARN_INT_CONVERSION = YES;
				CLANG_WARN_OBJC_ROOT_CLASS = YES_ERROR;
				CLANG_WARN_UNREACHABLE_CODE = YES;
				CLANG_WARN__DUPLICATE_METHOD_MATCH = YES;
				"CODE_SIGN_IDENTITY[sdk=iphoneos*]" = "iPhone Developer";
				COPY_PHASE_STRIP = NO;
				DEBUG_INFORMATION_FORMAT = "dwarf-with-dsym";
				ENABLE_NS_ASSERTIONS = NO;
				ENABLE_STRICT_OBJC_MSGSEND = YES;
				GCC_C_LANGUAGE_STANDARD = gnu99;
				GCC_NO_COMMON_BLOCKS = YES;
				GCC_WARN_64_TO_32_BIT_CONVERSION = YES;
				GCC_WARN_ABOUT_RETURN_TYPE = YES_ERROR;
				GCC_WARN_UNDECLARED_SELECTOR = YES;
				GCC_WARN_UNINITIALIZED_AUTOS = YES_AGGRESSIVE;
				GCC_WARN_UNUSED_FUNCTION = YES;
				GCC_WARN_UNUSED_VARIABLE = YES;
				IPHONEOS_DEPLOYMENT_TARGET = 8.4;
				MTL_ENABLE_DEBUG_INFO = NO;
				SDKROOT = iphoneos;
				TARGETED_DEVICE_FAMILY = "1,2";
				VALIDATE_PRODUCT = YES;
			};
			name = Release;
		};
		4318BE5D1B6C6D3200BE3B31 /* Debug */ = {
			isa = XCBuildConfiguration;
			buildSettings = {
				ASSETCATALOG_COMPILER_APPICON_NAME = AppIcon;
				FRAMEWORK_SEARCH_PATHS = (
					"$(inherited)",
					"$(PROJECT_DIR)/Carthage/Build/iOS",
				);
				INFOPLIST_FILE = Ching/Info.plist;
				LD_RUNPATH_SEARCH_PATHS = "$(inherited) @executable_path/Frameworks";
				PRODUCT_NAME = "$(TARGET_NAME)";
			};
			name = Debug;
		};
		4318BE5E1B6C6D3200BE3B31 /* Release */ = {
			isa = XCBuildConfiguration;
			buildSettings = {
				ASSETCATALOG_COMPILER_APPICON_NAME = AppIcon;
				FRAMEWORK_SEARCH_PATHS = (
					"$(inherited)",
					"$(PROJECT_DIR)/Carthage/Build/iOS",
				);
				INFOPLIST_FILE = Ching/Info.plist;
				LD_RUNPATH_SEARCH_PATHS = "$(inherited) @executable_path/Frameworks";
				PRODUCT_NAME = "$(TARGET_NAME)";
			};
			name = Release;
		};
		4318BE601B6C6D3200BE3B31 /* Debug */ = {
			isa = XCBuildConfiguration;
			buildSettings = {
				BUNDLE_LOADER = "$(TEST_HOST)";
				FRAMEWORK_SEARCH_PATHS = (
					"$(SDKROOT)/Developer/Library/Frameworks",
					"$(inherited)",
					"$(PROJECT_DIR)/Carthage/Build/iOS",
				);
				GCC_PREPROCESSOR_DEFINITIONS = (
					"DEBUG=1",
					"$(inherited)",
				);
				INFOPLIST_FILE = ChingTests/Info.plist;
				LD_RUNPATH_SEARCH_PATHS = "$(inherited) @executable_path/Frameworks @loader_path/Frameworks";
				PRODUCT_NAME = "$(TARGET_NAME)";
				TEST_HOST = "$(BUILT_PRODUCTS_DIR)/Ching.app/Ching";
			};
			name = Debug;
		};
		4318BE611B6C6D3200BE3B31 /* Release */ = {
			isa = XCBuildConfiguration;
			buildSettings = {
				BUNDLE_LOADER = "$(TEST_HOST)";
				FRAMEWORK_SEARCH_PATHS = (
					"$(SDKROOT)/Developer/Library/Frameworks",
					"$(inherited)",
					"$(PROJECT_DIR)/Carthage/Build/iOS",
				);
				INFOPLIST_FILE = ChingTests/Info.plist;
				LD_RUNPATH_SEARCH_PATHS = "$(inherited) @executable_path/Frameworks @loader_path/Frameworks";
				PRODUCT_NAME = "$(TARGET_NAME)";
				TEST_HOST = "$(BUILT_PRODUCTS_DIR)/Ching.app/Ching";
			};
			name = Release;
		};
		4318BE811B6C6D8100BE3B31 /* Debug */ = {
			isa = XCBuildConfiguration;
			buildSettings = {
				CURRENT_PROJECT_VERSION = 1;
				DEFINES_MODULE = YES;
				DYLIB_COMPATIBILITY_VERSION = 1;
				DYLIB_CURRENT_VERSION = 1;
				DYLIB_INSTALL_NAME_BASE = "@rpath";
				GCC_PREPROCESSOR_DEFINITIONS = (
					"DEBUG=1",
					"$(inherited)",
				);
				INFOPLIST_FILE = ChingKit/Info.plist;
				INSTALL_PATH = "$(LOCAL_LIBRARY_DIR)/Frameworks";
				LD_RUNPATH_SEARCH_PATHS = "$(inherited) @executable_path/Frameworks @loader_path/Frameworks";
				PRODUCT_NAME = "$(TARGET_NAME)";
				SKIP_INSTALL = YES;
				VERSIONING_SYSTEM = "apple-generic";
				VERSION_INFO_PREFIX = "";
			};
			name = Debug;
		};
		4318BE821B6C6D8100BE3B31 /* Release */ = {
			isa = XCBuildConfiguration;
			buildSettings = {
				CURRENT_PROJECT_VERSION = 1;
				DEFINES_MODULE = YES;
				DYLIB_COMPATIBILITY_VERSION = 1;
				DYLIB_CURRENT_VERSION = 1;
				DYLIB_INSTALL_NAME_BASE = "@rpath";
				INFOPLIST_FILE = ChingKit/Info.plist;
				INSTALL_PATH = "$(LOCAL_LIBRARY_DIR)/Frameworks";
				LD_RUNPATH_SEARCH_PATHS = "$(inherited) @executable_path/Frameworks @loader_path/Frameworks";
				PRODUCT_NAME = "$(TARGET_NAME)";
				SKIP_INSTALL = YES;
				VERSIONING_SYSTEM = "apple-generic";
				VERSION_INFO_PREFIX = "";
			};
			name = Release;
		};
		4318BE851B6C6D8100BE3B31 /* Debug */ = {
			isa = XCBuildConfiguration;
			buildSettings = {
				FRAMEWORK_SEARCH_PATHS = (
					"$(SDKROOT)/Developer/Library/Frameworks",
					"$(inherited)",
					"$(PROJECT_DIR)/Carthage/Build/iOS",
				);
				GCC_PREPROCESSOR_DEFINITIONS = (
					"DEBUG=1",
					"$(inherited)",
				);
				INFOPLIST_FILE = ChingKitTests/Info.plist;
				LD_RUNPATH_SEARCH_PATHS = "$(inherited) @executable_path/Frameworks @loader_path/Frameworks";
				PRODUCT_NAME = "$(TARGET_NAME)";
				TEST_HOST = "$(BUILT_PRODUCTS_DIR)/Ching.app/Ching";
			};
			name = Debug;
		};
		4318BE861B6C6D8100BE3B31 /* Release */ = {
			isa = XCBuildConfiguration;
			buildSettings = {
				FRAMEWORK_SEARCH_PATHS = (
					"$(SDKROOT)/Developer/Library/Frameworks",
					"$(inherited)",
					"$(PROJECT_DIR)/Carthage/Build/iOS",
				);
				INFOPLIST_FILE = ChingKitTests/Info.plist;
				LD_RUNPATH_SEARCH_PATHS = "$(inherited) @executable_path/Frameworks @loader_path/Frameworks";
				PRODUCT_NAME = "$(TARGET_NAME)";
				TEST_HOST = "$(BUILT_PRODUCTS_DIR)/Ching.app/Ching";
			};
			name = Release;
		};
/* End XCBuildConfiguration section */

/* Begin XCConfigurationList section */
		4318BE341B6C6D3200BE3B31 /* Build configuration list for PBXProject "Ching" */ = {
			isa = XCConfigurationList;
			buildConfigurations = (
				4318BE5A1B6C6D3200BE3B31 /* Debug */,
				4318BE5B1B6C6D3200BE3B31 /* Release */,
			);
			defaultConfigurationIsVisible = 0;
			defaultConfigurationName = Release;
		};
		4318BE5C1B6C6D3200BE3B31 /* Build configuration list for PBXNativeTarget "Ching" */ = {
			isa = XCConfigurationList;
			buildConfigurations = (
				4318BE5D1B6C6D3200BE3B31 /* Debug */,
				4318BE5E1B6C6D3200BE3B31 /* Release */,
			);
			defaultConfigurationIsVisible = 0;
			defaultConfigurationName = Release;
		};
		4318BE5F1B6C6D3200BE3B31 /* Build configuration list for PBXNativeTarget "ChingTests" */ = {
			isa = XCConfigurationList;
			buildConfigurations = (
				4318BE601B6C6D3200BE3B31 /* Debug */,
				4318BE611B6C6D3200BE3B31 /* Release */,
			);
			defaultConfigurationIsVisible = 0;
			defaultConfigurationName = Release;
		};
		4318BE801B6C6D8100BE3B31 /* Build configuration list for PBXNativeTarget "ChingKit" */ = {
			isa = XCConfigurationList;
			buildConfigurations = (
				4318BE811B6C6D8100BE3B31 /* Debug */,
				4318BE821B6C6D8100BE3B31 /* Release */,
			);
			defaultConfigurationIsVisible = 0;
			defaultConfigurationName = Release;
		};
		4318BE841B6C6D8100BE3B31 /* Build configuration list for PBXNativeTarget "ChingKitTests" */ = {
			isa = XCConfigurationList;
			buildConfigurations = (
				4318BE851B6C6D8100BE3B31 /* Debug */,
				4318BE861B6C6D8100BE3B31 /* Release */,
			);
			defaultConfigurationIsVisible = 0;
			defaultConfigurationName = Release;
		};
/* End XCConfigurationList section */
	};
	rootObject = 4318BE311B6C6D3200BE3B31 /* Project object */;
}
