// !$*UTF8*$!
{
	archiveVersion = 1;
	classes = {
	};
	objectVersion = 46;
	objects = {

/* Begin PBXBuildFile section */
		4318BE3F1B6C6D3200BE3B31 /* main.m in Sources */ = {isa = PBXBuildFile; fileRef = 4318BE3E1B6C6D3200BE3B31 /* main.m */; };
		4318BE421B6C6D3200BE3B31 /* AppDelegate.m in Sources */ = {isa = PBXBuildFile; fileRef = 4318BE411B6C6D3200BE3B31 /* AppDelegate.m */; };
		4318BE481B6C6D3200BE3B31 /* Main.storyboard in Resources */ = {isa = PBXBuildFile; fileRef = 4318BE461B6C6D3200BE3B31 /* Main.storyboard */; };
		4318BE4A1B6C6D3200BE3B31 /* Images.xcassets in Resources */ = {isa = PBXBuildFile; fileRef = 4318BE491B6C6D3200BE3B31 /* Images.xcassets */; };
		4318BE4D1B6C6D3200BE3B31 /* LaunchScreen.xib in Resources */ = {isa = PBXBuildFile; fileRef = 4318BE4B1B6C6D3200BE3B31 /* LaunchScreen.xib */; };
		4318BE6C1B6C6D8100BE3B31 /* ChingKit.h in Headers */ = {isa = PBXBuildFile; fileRef = 4318BE6B1B6C6D8100BE3B31 /* ChingKit.h */; settings = {ATTRIBUTES = (Public, ); }; };
		4318BE721B6C6D8100BE3B31 /* ChingKit.framework in Frameworks */ = {isa = PBXBuildFile; fileRef = 4318BE671B6C6D8100BE3B31 /* ChingKit.framework */; };
		4318BE7E1B6C6D8100BE3B31 /* ChingKit.framework in Frameworks */ = {isa = PBXBuildFile; fileRef = 4318BE671B6C6D8100BE3B31 /* ChingKit.framework */; };
		4318BE7F1B6C6D8100BE3B31 /* ChingKit.framework in Embed Frameworks */ = {isa = PBXBuildFile; fileRef = 4318BE671B6C6D8100BE3B31 /* ChingKit.framework */; settings = {ATTRIBUTES = (CodeSignOnCopy, RemoveHeadersOnCopy, ); }; };
		4326C0E61B711A38008BB699 /* SpecHelper.m in Sources */ = {isa = PBXBuildFile; fileRef = 4326C0E51B711A38008BB699 /* SpecHelper.m */; };
		4326C0EE1B715CB9008BB699 /* UIColor+Colors.h in Headers */ = {isa = PBXBuildFile; fileRef = 4326C0EC1B715CB9008BB699 /* UIColor+Colors.h */; settings = {ATTRIBUTES = (Public, ); }; };
		4326C0EF1B715CB9008BB699 /* UIColor+Colors.m in Sources */ = {isa = PBXBuildFile; fileRef = 4326C0ED1B715CB9008BB699 /* UIColor+Colors.m */; };
		434A77701B6D2A6E00E20313 /* Expecta.framework in Frameworks */ = {isa = PBXBuildFile; fileRef = 434A776B1B6D293D00E20313 /* Expecta.framework */; };
		434A77711B6D2A6E00E20313 /* Specta.framework in Frameworks */ = {isa = PBXBuildFile; fileRef = 434A77661B6D279000E20313 /* Specta.framework */; };
		4358DA1C1B719714007C6A65 /* BudgetInputTableViewCell.m in Sources */ = {isa = PBXBuildFile; fileRef = 4358DA1B1B719714007C6A65 /* BudgetInputTableViewCell.m */; };
		4358DA1E1B719B6A007C6A65 /* CHBaseEntitySpec.m in Sources */ = {isa = PBXBuildFile; fileRef = 4358DA1D1B719B6A007C6A65 /* CHBaseEntitySpec.m */; };
		4393E19E1B6EDCF2002AADB3 /* Expecta.framework in Frameworks */ = {isa = PBXBuildFile; fileRef = 434A776B1B6D293D00E20313 /* Expecta.framework */; };
		4393E19F1B6EDCF2002AADB3 /* Specta.framework in Frameworks */ = {isa = PBXBuildFile; fileRef = 434A77661B6D279000E20313 /* Specta.framework */; };
		4393E1A31B6EDF2B002AADB3 /* CoreDataTableViewController.m in Sources */ = {isa = PBXBuildFile; fileRef = 4393E1A21B6EDF2B002AADB3 /* CoreDataTableViewController.m */; };
		4393E1A81B6EEA70002AADB3 /* CHPersistenceController.h in Headers */ = {isa = PBXBuildFile; fileRef = 4393E1A61B6EEA70002AADB3 /* CHPersistenceController.h */; settings = {ATTRIBUTES = (Public, ); }; };
		4393E1A91B6EEA70002AADB3 /* CHPersistenceController.m in Sources */ = {isa = PBXBuildFile; fileRef = 4393E1A71B6EEA70002AADB3 /* CHPersistenceController.m */; };
		4393E1AC1B6EEB22002AADB3 /* CHInMemoryPersistenceController.h in Headers */ = {isa = PBXBuildFile; fileRef = 4393E1AA1B6EEB22002AADB3 /* CHInMemoryPersistenceController.h */; settings = {ATTRIBUTES = (Public, ); }; };
		4393E1AD1B6EEB22002AADB3 /* CHInMemoryPersistenceController.m in Sources */ = {isa = PBXBuildFile; fileRef = 4393E1AB1B6EEB22002AADB3 /* CHInMemoryPersistenceController.m */; };
		4393E1AE1B6F1EA0002AADB3 /* ChingKit.framework in Frameworks */ = {isa = PBXBuildFile; fileRef = 4318BE671B6C6D8100BE3B31 /* ChingKit.framework */; };
		4393E1B11B6FC1CF002AADB3 /* DataModel.xcdatamodeld in Sources */ = {isa = PBXBuildFile; fileRef = 4393E1AF1B6FC1CF002AADB3 /* DataModel.xcdatamodeld */; };
		4393E1BB1B6FC68E002AADB3 /* CHBaseEntity.h in Headers */ = {isa = PBXBuildFile; fileRef = 4393E1B91B6FC68E002AADB3 /* CHBaseEntity.h */; settings = {ATTRIBUTES = (Public, ); }; };
		4393E1BC1B6FC68E002AADB3 /* CHBaseEntity.m in Sources */ = {isa = PBXBuildFile; fileRef = 4393E1BA1B6FC68E002AADB3 /* CHBaseEntity.m */; };
		4393E1C71B6FC735002AADB3 /* CHEnvelope.h in Headers */ = {isa = PBXBuildFile; fileRef = 4393E1C51B6FC735002AADB3 /* CHEnvelope.h */; settings = {ATTRIBUTES = (Public, ); }; };
		4393E1C81B6FC735002AADB3 /* CHEnvelope.m in Sources */ = {isa = PBXBuildFile; fileRef = 4393E1C61B6FC735002AADB3 /* CHEnvelope.m */; };
		43A057831B6FFF4E00BC03E7 /* CHEnvelopeSpecs.m in Sources */ = {isa = PBXBuildFile; fileRef = 43A057821B6FFF4E00BC03E7 /* CHEnvelopeSpecs.m */; };
		43B996531B71BBB1003363E9 /* CHNumberTextFieldDelegate.m in Sources */ = {isa = PBXBuildFile; fileRef = 43B996521B71BBB1003363E9 /* CHNumberTextFieldDelegate.m */; };
		43B996561B71BCD8003363E9 /* CHNumberTextFieldDelegate.h in Headers */ = {isa = PBXBuildFile; fileRef = 43B996541B71BCD8003363E9 /* CHNumberTextFieldDelegate.h */; settings = {ATTRIBUTES = (Public, ); }; };
		43B996571B71BCD8003363E9 /* CHNumberTextFieldDelegate.m in Sources */ = {isa = PBXBuildFile; fileRef = 43B996551B71BCD8003363E9 /* CHNumberTextFieldDelegate.m */; };
		43CDAB691B7061A900E72E11 /* libOCMock.a in Frameworks */ = {isa = PBXBuildFile; fileRef = 43CDAB5E1B7061A900E72E11 /* libOCMock.a */; };
		43CDAB6A1B7061A900E72E11 /* libOCMock.a in Frameworks */ = {isa = PBXBuildFile; fileRef = 43CDAB5E1B7061A900E72E11 /* libOCMock.a */; };
		43CDAB6E1B706D1800E72E11 /* SingleInputTableViewCell.m in Sources */ = {isa = PBXBuildFile; fileRef = 43CDAB6D1B706D1800E72E11 /* SingleInputTableViewCell.m */; };
		43CDAB711B71105B00E72E11 /* EnvelopeViewControllerSpec.m in Sources */ = {isa = PBXBuildFile; fileRef = 43CDAB701B71105B00E72E11 /* EnvelopeViewControllerSpec.m */; };
		43CDAB741B7110B900E72E11 /* EnvelopeViewController.m in Sources */ = {isa = PBXBuildFile; fileRef = 43CDAB731B7110B900E72E11 /* EnvelopeViewController.m */; };
		43F039AB1B6ED70300936556 /* EnvelopesViewControllerSpec.m in Sources */ = {isa = PBXBuildFile; fileRef = 43F039AA1B6ED70300936556 /* EnvelopesViewControllerSpec.m */; };
		43F039AE1B6ED88700936556 /* EnvelopesViewController.m in Sources */ = {isa = PBXBuildFile; fileRef = 43F039AD1B6ED88700936556 /* EnvelopesViewController.m */; };
/* End PBXBuildFile section */

/* Begin PBXContainerItemProxy section */
		4318BE531B6C6D3200BE3B31 /* PBXContainerItemProxy */ = {
			isa = PBXContainerItemProxy;
			containerPortal = 4318BE311B6C6D3200BE3B31 /* Project object */;
			proxyType = 1;
			remoteGlobalIDString = 4318BE381B6C6D3200BE3B31;
			remoteInfo = Ching;
		};
		4318BE731B6C6D8100BE3B31 /* PBXContainerItemProxy */ = {
			isa = PBXContainerItemProxy;
			containerPortal = 4318BE311B6C6D3200BE3B31 /* Project object */;
			proxyType = 1;
			remoteGlobalIDString = 4318BE661B6C6D8100BE3B31;
			remoteInfo = ChingKit;
		};
		4318BE751B6C6D8100BE3B31 /* PBXContainerItemProxy */ = {
			isa = PBXContainerItemProxy;
			containerPortal = 4318BE311B6C6D3200BE3B31 /* Project object */;
			proxyType = 1;
			remoteGlobalIDString = 4318BE381B6C6D3200BE3B31;
			remoteInfo = Ching;
		};
		4318BE7C1B6C6D8100BE3B31 /* PBXContainerItemProxy */ = {
			isa = PBXContainerItemProxy;
			containerPortal = 4318BE311B6C6D3200BE3B31 /* Project object */;
			proxyType = 1;
			remoteGlobalIDString = 4318BE661B6C6D8100BE3B31;
			remoteInfo = ChingKit;
		};
/* End PBXContainerItemProxy section */

/* Begin PBXCopyFilesBuildPhase section */
		4318BE831B6C6D8100BE3B31 /* Embed Frameworks */ = {
			isa = PBXCopyFilesBuildPhase;
			buildActionMask = 2147483647;
			dstPath = "";
			dstSubfolderSpec = 10;
			files = (
				4318BE7F1B6C6D8100BE3B31 /* ChingKit.framework in Embed Frameworks */,
			);
			name = "Embed Frameworks";
			runOnlyForDeploymentPostprocessing = 0;
		};
/* End PBXCopyFilesBuildPhase section */

/* Begin PBXFileReference section */
		4318BE391B6C6D3200BE3B31 /* Ching.app */ = {isa = PBXFileReference; explicitFileType = wrapper.application; includeInIndex = 0; path = Ching.app; sourceTree = BUILT_PRODUCTS_DIR; };
		4318BE3D1B6C6D3200BE3B31 /* Info.plist */ = {isa = PBXFileReference; lastKnownFileType = text.plist.xml; path = Info.plist; sourceTree = "<group>"; };
		4318BE3E1B6C6D3200BE3B31 /* main.m */ = {isa = PBXFileReference; lastKnownFileType = sourcecode.c.objc; path = main.m; sourceTree = "<group>"; };
		4318BE401B6C6D3200BE3B31 /* AppDelegate.h */ = {isa = PBXFileReference; lastKnownFileType = sourcecode.c.h; path = AppDelegate.h; sourceTree = "<group>"; };
		4318BE411B6C6D3200BE3B31 /* AppDelegate.m */ = {isa = PBXFileReference; lastKnownFileType = sourcecode.c.objc; path = AppDelegate.m; sourceTree = "<group>"; };
		4318BE471B6C6D3200BE3B31 /* Base */ = {isa = PBXFileReference; lastKnownFileType = file.storyboard; name = Base; path = Base.lproj/Main.storyboard; sourceTree = "<group>"; };
		4318BE491B6C6D3200BE3B31 /* Images.xcassets */ = {isa = PBXFileReference; lastKnownFileType = folder.assetcatalog; path = Images.xcassets; sourceTree = "<group>"; };
		4318BE4C1B6C6D3200BE3B31 /* Base */ = {isa = PBXFileReference; lastKnownFileType = file.xib; name = Base; path = Base.lproj/LaunchScreen.xib; sourceTree = "<group>"; };
		4318BE521B6C6D3200BE3B31 /* ChingTests.xctest */ = {isa = PBXFileReference; explicitFileType = wrapper.cfbundle; includeInIndex = 0; path = ChingTests.xctest; sourceTree = BUILT_PRODUCTS_DIR; };
		4318BE571B6C6D3200BE3B31 /* Info.plist */ = {isa = PBXFileReference; lastKnownFileType = text.plist.xml; path = Info.plist; sourceTree = "<group>"; };
		4318BE671B6C6D8100BE3B31 /* ChingKit.framework */ = {isa = PBXFileReference; explicitFileType = wrapper.framework; includeInIndex = 0; path = ChingKit.framework; sourceTree = BUILT_PRODUCTS_DIR; };
		4318BE6A1B6C6D8100BE3B31 /* Info.plist */ = {isa = PBXFileReference; lastKnownFileType = text.plist.xml; path = Info.plist; sourceTree = "<group>"; };
		4318BE6B1B6C6D8100BE3B31 /* ChingKit.h */ = {isa = PBXFileReference; lastKnownFileType = sourcecode.c.h; path = ChingKit.h; sourceTree = "<group>"; };
		4318BE711B6C6D8100BE3B31 /* ChingKitTests.xctest */ = {isa = PBXFileReference; explicitFileType = wrapper.cfbundle; includeInIndex = 0; path = ChingKitTests.xctest; sourceTree = BUILT_PRODUCTS_DIR; };
		4318BE791B6C6D8100BE3B31 /* Info.plist */ = {isa = PBXFileReference; lastKnownFileType = text.plist.xml; path = Info.plist; sourceTree = "<group>"; };
		4326C0E41B711A38008BB699 /* SpecHelper.h */ = {isa = PBXFileReference; fileEncoding = 4; lastKnownFileType = sourcecode.c.h; path = SpecHelper.h; sourceTree = "<group>"; };
		4326C0E51B711A38008BB699 /* SpecHelper.m */ = {isa = PBXFileReference; fileEncoding = 4; lastKnownFileType = sourcecode.c.objc; path = SpecHelper.m; sourceTree = "<group>"; };
		4326C0EC1B715CB9008BB699 /* UIColor+Colors.h */ = {isa = PBXFileReference; fileEncoding = 4; lastKnownFileType = sourcecode.c.h; name = "UIColor+Colors.h"; path = "Helpers/UIColor+Colors.h"; sourceTree = "<group>"; };
		4326C0ED1B715CB9008BB699 /* UIColor+Colors.m */ = {isa = PBXFileReference; fileEncoding = 4; lastKnownFileType = sourcecode.c.objc; name = "UIColor+Colors.m"; path = "Helpers/UIColor+Colors.m"; sourceTree = "<group>"; };
		432A33F21B72621D00FE4B1A /* Playground.playground */ = {isa = PBXFileReference; lastKnownFileType = file.playground; path = Playground.playground; sourceTree = "<group>"; };
		434A77661B6D279000E20313 /* Specta.framework */ = {isa = PBXFileReference; lastKnownFileType = wrapper.framework; name = Specta.framework; path = Carthage/Build/iOS/Specta.framework; sourceTree = "<group>"; };
		434A776B1B6D293D00E20313 /* Expecta.framework */ = {isa = PBXFileReference; lastKnownFileType = wrapper.framework; name = Expecta.framework; path = Carthage/Build/iOS/Expecta.framework; sourceTree = "<group>"; };
		4358DA1A1B719714007C6A65 /* BudgetInputTableViewCell.h */ = {isa = PBXFileReference; fileEncoding = 4; lastKnownFileType = sourcecode.c.h; name = BudgetInputTableViewCell.h; path = Views/BudgetInputTableViewCell.h; sourceTree = "<group>"; };
		4358DA1B1B719714007C6A65 /* BudgetInputTableViewCell.m */ = {isa = PBXFileReference; fileEncoding = 4; lastKnownFileType = sourcecode.c.objc; name = BudgetInputTableViewCell.m; path = Views/BudgetInputTableViewCell.m; sourceTree = "<group>"; };
		4358DA1D1B719B6A007C6A65 /* CHBaseEntitySpec.m */ = {isa = PBXFileReference; fileEncoding = 4; lastKnownFileType = sourcecode.c.objc; path = CHBaseEntitySpec.m; sourceTree = "<group>"; };
		4393E1A11B6EDF2B002AADB3 /* CoreDataTableViewController.h */ = {isa = PBXFileReference; fileEncoding = 4; lastKnownFileType = sourcecode.c.h; name = CoreDataTableViewController.h; path = ViewControllers/CoreDataTableViewController.h; sourceTree = "<group>"; };
		4393E1A21B6EDF2B002AADB3 /* CoreDataTableViewController.m */ = {isa = PBXFileReference; fileEncoding = 4; lastKnownFileType = sourcecode.c.objc; name = CoreDataTableViewController.m; path = ViewControllers/CoreDataTableViewController.m; sourceTree = "<group>"; };
		4393E1A61B6EEA70002AADB3 /* CHPersistenceController.h */ = {isa = PBXFileReference; fileEncoding = 4; lastKnownFileType = sourcecode.c.h; path = CHPersistenceController.h; sourceTree = "<group>"; };
		4393E1A71B6EEA70002AADB3 /* CHPersistenceController.m */ = {isa = PBXFileReference; fileEncoding = 4; lastKnownFileType = sourcecode.c.objc; path = CHPersistenceController.m; sourceTree = "<group>"; };
		4393E1AA1B6EEB22002AADB3 /* CHInMemoryPersistenceController.h */ = {isa = PBXFileReference; fileEncoding = 4; lastKnownFileType = sourcecode.c.h; path = CHInMemoryPersistenceController.h; sourceTree = "<group>"; };
		4393E1AB1B6EEB22002AADB3 /* CHInMemoryPersistenceController.m */ = {isa = PBXFileReference; fileEncoding = 4; lastKnownFileType = sourcecode.c.objc; path = CHInMemoryPersistenceController.m; sourceTree = "<group>"; };
		4393E1B01B6FC1CF002AADB3 /* DataModel.xcdatamodel */ = {isa = PBXFileReference; lastKnownFileType = wrapper.xcdatamodel; path = DataModel.xcdatamodel; sourceTree = "<group>"; };
		4393E1B91B6FC68E002AADB3 /* CHBaseEntity.h */ = {isa = PBXFileReference; fileEncoding = 4; lastKnownFileType = sourcecode.c.h; name = CHBaseEntity.h; path = Models/CHBaseEntity.h; sourceTree = "<group>"; };
		4393E1BA1B6FC68E002AADB3 /* CHBaseEntity.m */ = {isa = PBXFileReference; fileEncoding = 4; lastKnownFileType = sourcecode.c.objc; name = CHBaseEntity.m; path = Models/CHBaseEntity.m; sourceTree = "<group>"; };
		4393E1C51B6FC735002AADB3 /* CHEnvelope.h */ = {isa = PBXFileReference; fileEncoding = 4; lastKnownFileType = sourcecode.c.h; name = CHEnvelope.h; path = Models/CHEnvelope.h; sourceTree = "<group>"; };
		4393E1C61B6FC735002AADB3 /* CHEnvelope.m */ = {isa = PBXFileReference; fileEncoding = 4; lastKnownFileType = sourcecode.c.objc; name = CHEnvelope.m; path = Models/CHEnvelope.m; sourceTree = "<group>"; };
		43A057821B6FFF4E00BC03E7 /* CHEnvelopeSpecs.m */ = {isa = PBXFileReference; fileEncoding = 4; lastKnownFileType = sourcecode.c.objc; path = CHEnvelopeSpecs.m; sourceTree = "<group>"; };
		43B996521B71BBB1003363E9 /* CHNumberTextFieldDelegate.m */ = {isa = PBXFileReference; fileEncoding = 4; lastKnownFileType = sourcecode.c.objc; path = CHNumberTextFieldDelegate.m; sourceTree = "<group>"; };
		43B996541B71BCD8003363E9 /* CHNumberTextFieldDelegate.h */ = {isa = PBXFileReference; fileEncoding = 4; lastKnownFileType = sourcecode.c.h; name = CHNumberTextFieldDelegate.h; path = Helpers/CHNumberTextFieldDelegate.h; sourceTree = "<group>"; };
		43B996551B71BCD8003363E9 /* CHNumberTextFieldDelegate.m */ = {isa = PBXFileReference; fileEncoding = 4; lastKnownFileType = sourcecode.c.objc; name = CHNumberTextFieldDelegate.m; path = Helpers/CHNumberTextFieldDelegate.m; sourceTree = "<group>"; };
		43CDAB5E1B7061A900E72E11 /* libOCMock.a */ = {isa = PBXFileReference; lastKnownFileType = archive.ar; name = libOCMock.a; path = Vendor/OCMock/libOCMock.a; sourceTree = "<group>"; };
		43CDAB601B7061A900E72E11 /* NSNotificationCenter+OCMAdditions.h */ = {isa = PBXFileReference; fileEncoding = 4; lastKnownFileType = sourcecode.c.h; path = "NSNotificationCenter+OCMAdditions.h"; sourceTree = "<group>"; };
		43CDAB611B7061A900E72E11 /* OCMArg.h */ = {isa = PBXFileReference; fileEncoding = 4; lastKnownFileType = sourcecode.c.h; path = OCMArg.h; sourceTree = "<group>"; };
		43CDAB621B7061A900E72E11 /* OCMConstraint.h */ = {isa = PBXFileReference; fileEncoding = 4; lastKnownFileType = sourcecode.c.h; path = OCMConstraint.h; sourceTree = "<group>"; };
		43CDAB631B7061A900E72E11 /* OCMLocation.h */ = {isa = PBXFileReference; fileEncoding = 4; lastKnownFileType = sourcecode.c.h; path = OCMLocation.h; sourceTree = "<group>"; };
		43CDAB641B7061A900E72E11 /* OCMMacroState.h */ = {isa = PBXFileReference; fileEncoding = 4; lastKnownFileType = sourcecode.c.h; path = OCMMacroState.h; sourceTree = "<group>"; };
		43CDAB651B7061A900E72E11 /* OCMock.h */ = {isa = PBXFileReference; fileEncoding = 4; lastKnownFileType = sourcecode.c.h; path = OCMock.h; sourceTree = "<group>"; };
		43CDAB661B7061A900E72E11 /* OCMockObject.h */ = {isa = PBXFileReference; fileEncoding = 4; lastKnownFileType = sourcecode.c.h; path = OCMockObject.h; sourceTree = "<group>"; };
		43CDAB671B7061A900E72E11 /* OCMRecorder.h */ = {isa = PBXFileReference; fileEncoding = 4; lastKnownFileType = sourcecode.c.h; path = OCMRecorder.h; sourceTree = "<group>"; };
		43CDAB681B7061A900E72E11 /* OCMStubRecorder.h */ = {isa = PBXFileReference; fileEncoding = 4; lastKnownFileType = sourcecode.c.h; path = OCMStubRecorder.h; sourceTree = "<group>"; };
		43CDAB6C1B706D1800E72E11 /* SingleInputTableViewCell.h */ = {isa = PBXFileReference; fileEncoding = 4; lastKnownFileType = sourcecode.c.h; name = SingleInputTableViewCell.h; path = Views/SingleInputTableViewCell.h; sourceTree = "<group>"; };
		43CDAB6D1B706D1800E72E11 /* SingleInputTableViewCell.m */ = {isa = PBXFileReference; fileEncoding = 4; lastKnownFileType = sourcecode.c.objc; name = SingleInputTableViewCell.m; path = Views/SingleInputTableViewCell.m; sourceTree = "<group>"; };
		43CDAB701B71105B00E72E11 /* EnvelopeViewControllerSpec.m */ = {isa = PBXFileReference; fileEncoding = 4; lastKnownFileType = sourcecode.c.objc; path = EnvelopeViewControllerSpec.m; sourceTree = "<group>"; };
		43CDAB721B7110B900E72E11 /* EnvelopeViewController.h */ = {isa = PBXFileReference; fileEncoding = 4; lastKnownFileType = sourcecode.c.h; name = EnvelopeViewController.h; path = ViewControllers/EnvelopeViewController.h; sourceTree = "<group>"; };
		43CDAB731B7110B900E72E11 /* EnvelopeViewController.m */ = {isa = PBXFileReference; fileEncoding = 4; lastKnownFileType = sourcecode.c.objc; name = EnvelopeViewController.m; path = ViewControllers/EnvelopeViewController.m; sourceTree = "<group>"; };
		43F039AA1B6ED70300936556 /* EnvelopesViewControllerSpec.m */ = {isa = PBXFileReference; fileEncoding = 4; lastKnownFileType = sourcecode.c.objc; path = EnvelopesViewControllerSpec.m; sourceTree = "<group>"; };
		43F039AC1B6ED88700936556 /* EnvelopesViewController.h */ = {isa = PBXFileReference; fileEncoding = 4; lastKnownFileType = sourcecode.c.h; name = EnvelopesViewController.h; path = ViewControllers/EnvelopesViewController.h; sourceTree = "<group>"; };
		43F039AD1B6ED88700936556 /* EnvelopesViewController.m */ = {isa = PBXFileReference; fileEncoding = 4; lastKnownFileType = sourcecode.c.objc; name = EnvelopesViewController.m; path = ViewControllers/EnvelopesViewController.m; sourceTree = "<group>"; };
/* End PBXFileReference section */

/* Begin PBXFrameworksBuildPhase section */
		4318BE361B6C6D3200BE3B31 /* Frameworks */ = {
			isa = PBXFrameworksBuildPhase;
			buildActionMask = 2147483647;
			files = (
				4318BE7E1B6C6D8100BE3B31 /* ChingKit.framework in Frameworks */,
			);
			runOnlyForDeploymentPostprocessing = 0;
		};
		4318BE4F1B6C6D3200BE3B31 /* Frameworks */ = {
			isa = PBXFrameworksBuildPhase;
			buildActionMask = 2147483647;
			files = (
				4393E1AE1B6F1EA0002AADB3 /* ChingKit.framework in Frameworks */,
				43CDAB691B7061A900E72E11 /* libOCMock.a in Frameworks */,
				4393E19E1B6EDCF2002AADB3 /* Expecta.framework in Frameworks */,
				4393E19F1B6EDCF2002AADB3 /* Specta.framework in Frameworks */,
			);
			runOnlyForDeploymentPostprocessing = 0;
		};
		4318BE631B6C6D8100BE3B31 /* Frameworks */ = {
			isa = PBXFrameworksBuildPhase;
			buildActionMask = 2147483647;
			files = (
			);
			runOnlyForDeploymentPostprocessing = 0;
		};
		4318BE6E1B6C6D8100BE3B31 /* Frameworks */ = {
			isa = PBXFrameworksBuildPhase;
			buildActionMask = 2147483647;
			files = (
				4318BE721B6C6D8100BE3B31 /* ChingKit.framework in Frameworks */,
				43CDAB6A1B7061A900E72E11 /* libOCMock.a in Frameworks */,
				434A77701B6D2A6E00E20313 /* Expecta.framework in Frameworks */,
				434A77711B6D2A6E00E20313 /* Specta.framework in Frameworks */,
			);
			runOnlyForDeploymentPostprocessing = 0;
		};
/* End PBXFrameworksBuildPhase section */

/* Begin PBXGroup section */
		4318BE301B6C6D3200BE3B31 = {
			isa = PBXGroup;
			children = (
				4318BE3B1B6C6D3200BE3B31 /* Ching */,
				4318BE551B6C6D3200BE3B31 /* ChingTests */,
				4318BE681B6C6D8100BE3B31 /* ChingKit */,
				4318BE771B6C6D8100BE3B31 /* ChingKitTests */,
				43BB0C541B6EA65F00270058 /* Frameworks */,
				43CDAB5D1B70618C00E72E11 /* Vendor */,
				4318BE3A1B6C6D3200BE3B31 /* Products */,
			);
			sourceTree = "<group>";
		};
		4318BE3A1B6C6D3200BE3B31 /* Products */ = {
			isa = PBXGroup;
			children = (
				4318BE391B6C6D3200BE3B31 /* Ching.app */,
				4318BE521B6C6D3200BE3B31 /* ChingTests.xctest */,
				4318BE671B6C6D8100BE3B31 /* ChingKit.framework */,
				4318BE711B6C6D8100BE3B31 /* ChingKitTests.xctest */,
			);
			name = Products;
			sourceTree = "<group>";
		};
		4318BE3B1B6C6D3200BE3B31 /* Ching */ = {
			isa = PBXGroup;
			children = (
				43CDAB6B1B706CC800E72E11 /* Views */,
				43F039A91B6ED3D600936556 /* View Controllers */,
				4318BE401B6C6D3200BE3B31 /* AppDelegate.h */,
				4318BE411B6C6D3200BE3B31 /* AppDelegate.m */,
				4318BE461B6C6D3200BE3B31 /* Main.storyboard */,
				4318BE491B6C6D3200BE3B31 /* Images.xcassets */,
				4318BE4B1B6C6D3200BE3B31 /* LaunchScreen.xib */,
				4318BE3C1B6C6D3200BE3B31 /* Supporting Files */,
				432A33F21B72621D00FE4B1A /* Playground.playground */,
			);
			path = Ching;
			sourceTree = "<group>";
		};
		4318BE3C1B6C6D3200BE3B31 /* Supporting Files */ = {
			isa = PBXGroup;
			children = (
				4318BE3D1B6C6D3200BE3B31 /* Info.plist */,
				4318BE3E1B6C6D3200BE3B31 /* main.m */,
			);
			name = "Supporting Files";
			sourceTree = "<group>";
		};
		4318BE551B6C6D3200BE3B31 /* ChingTests */ = {
			isa = PBXGroup;
			children = (
				43F039AA1B6ED70300936556 /* EnvelopesViewControllerSpec.m */,
				43CDAB701B71105B00E72E11 /* EnvelopeViewControllerSpec.m */,
				4326C0E41B711A38008BB699 /* SpecHelper.h */,
				4326C0E51B711A38008BB699 /* SpecHelper.m */,
				43B996521B71BBB1003363E9 /* CHNumberTextFieldDelegate.m */,
				4318BE561B6C6D3200BE3B31 /* Supporting Files */,
			);
			path = ChingTests;
			sourceTree = "<group>";
		};
		4318BE561B6C6D3200BE3B31 /* Supporting Files */ = {
			isa = PBXGroup;
			children = (
				4318BE571B6C6D3200BE3B31 /* Info.plist */,
			);
			name = "Supporting Files";
			sourceTree = "<group>";
		};
		4318BE681B6C6D8100BE3B31 /* ChingKit */ = {
			isa = PBXGroup;
			children = (
				4318BE6B1B6C6D8100BE3B31 /* ChingKit.h */,
				4393E1B81B6FC276002AADB3 /* Models */,
				43A057841B70121D00BC03E7 /* Persistence */,
				4326C0EB1B715C57008BB699 /* Helpers */,
				4318BE691B6C6D8100BE3B31 /* Supporting Files */,
				4393E1AF1B6FC1CF002AADB3 /* DataModel.xcdatamodeld */,
			);
			path = ChingKit;
			sourceTree = "<group>";
		};
		4318BE691B6C6D8100BE3B31 /* Supporting Files */ = {
			isa = PBXGroup;
			children = (
				4318BE6A1B6C6D8100BE3B31 /* Info.plist */,
			);
			name = "Supporting Files";
			sourceTree = "<group>";
		};
		4318BE771B6C6D8100BE3B31 /* ChingKitTests */ = {
			isa = PBXGroup;
			children = (
				4318BE781B6C6D8100BE3B31 /* Supporting Files */,
				43A057821B6FFF4E00BC03E7 /* CHEnvelopeSpecs.m */,
				4358DA1D1B719B6A007C6A65 /* CHBaseEntitySpec.m */,
			);
			path = ChingKitTests;
			sourceTree = "<group>";
		};
		4318BE781B6C6D8100BE3B31 /* Supporting Files */ = {
			isa = PBXGroup;
			children = (
				4318BE791B6C6D8100BE3B31 /* Info.plist */,
			);
			name = "Supporting Files";
			sourceTree = "<group>";
		};
		4326C0EB1B715C57008BB699 /* Helpers */ = {
			isa = PBXGroup;
			children = (
				4326C0EC1B715CB9008BB699 /* UIColor+Colors.h */,
				4326C0ED1B715CB9008BB699 /* UIColor+Colors.m */,
				43B996541B71BCD8003363E9 /* CHNumberTextFieldDelegate.h */,
				43B996551B71BCD8003363E9 /* CHNumberTextFieldDelegate.m */,
			);
			name = Helpers;
			sourceTree = "<group>";
		};
		4393E1B81B6FC276002AADB3 /* Models */ = {
			isa = PBXGroup;
			children = (
				4393E1B91B6FC68E002AADB3 /* CHBaseEntity.h */,
				4393E1BA1B6FC68E002AADB3 /* CHBaseEntity.m */,
				4393E1C51B6FC735002AADB3 /* CHEnvelope.h */,
				4393E1C61B6FC735002AADB3 /* CHEnvelope.m */,
			);
			name = Models;
			sourceTree = "<group>";
		};
		43A057841B70121D00BC03E7 /* Persistence */ = {
			isa = PBXGroup;
			children = (
				4393E1AA1B6EEB22002AADB3 /* CHInMemoryPersistenceController.h */,
				4393E1AB1B6EEB22002AADB3 /* CHInMemoryPersistenceController.m */,
				4393E1A61B6EEA70002AADB3 /* CHPersistenceController.h */,
				4393E1A71B6EEA70002AADB3 /* CHPersistenceController.m */,
			);
			name = Persistence;
			sourceTree = "<group>";
		};
		43BB0C541B6EA65F00270058 /* Frameworks */ = {
			isa = PBXGroup;
			children = (
				434A776B1B6D293D00E20313 /* Expecta.framework */,
				434A77661B6D279000E20313 /* Specta.framework */,
			);
			name = Frameworks;
			sourceTree = "<group>";
		};
		43CDAB5D1B70618C00E72E11 /* Vendor */ = {
			isa = PBXGroup;
			children = (
				43CDAB5E1B7061A900E72E11 /* libOCMock.a */,
				43CDAB5F1B7061A900E72E11 /* OCMock */,
			);
			name = Vendor;
			sourceTree = "<group>";
		};
		43CDAB5F1B7061A900E72E11 /* OCMock */ = {
			isa = PBXGroup;
			children = (
				43CDAB601B7061A900E72E11 /* NSNotificationCenter+OCMAdditions.h */,
				43CDAB611B7061A900E72E11 /* OCMArg.h */,
				43CDAB621B7061A900E72E11 /* OCMConstraint.h */,
				43CDAB631B7061A900E72E11 /* OCMLocation.h */,
				43CDAB641B7061A900E72E11 /* OCMMacroState.h */,
				43CDAB651B7061A900E72E11 /* OCMock.h */,
				43CDAB661B7061A900E72E11 /* OCMockObject.h */,
				43CDAB671B7061A900E72E11 /* OCMRecorder.h */,
				43CDAB681B7061A900E72E11 /* OCMStubRecorder.h */,
			);
			name = OCMock;
			path = Vendor/OCMock/OCMock;
			sourceTree = "<group>";
		};
		43CDAB6B1B706CC800E72E11 /* Views */ = {
			isa = PBXGroup;
			children = (
				43CDAB6C1B706D1800E72E11 /* SingleInputTableViewCell.h */,
				43CDAB6D1B706D1800E72E11 /* SingleInputTableViewCell.m */,
				4358DA1A1B719714007C6A65 /* BudgetInputTableViewCell.h */,
				4358DA1B1B719714007C6A65 /* BudgetInputTableViewCell.m */,
			);
			name = Views;
			sourceTree = "<group>";
		};
		43F039A91B6ED3D600936556 /* View Controllers */ = {
			isa = PBXGroup;
			children = (
				4393E1A11B6EDF2B002AADB3 /* CoreDataTableViewController.h */,
				4393E1A21B6EDF2B002AADB3 /* CoreDataTableViewController.m */,
				43F039AC1B6ED88700936556 /* EnvelopesViewController.h */,
				43F039AD1B6ED88700936556 /* EnvelopesViewController.m */,
				43CDAB721B7110B900E72E11 /* EnvelopeViewController.h */,
				43CDAB731B7110B900E72E11 /* EnvelopeViewController.m */,
			);
			name = "View Controllers";
			sourceTree = "<group>";
		};
/* End PBXGroup section */

/* Begin PBXHeadersBuildPhase section */
		4318BE641B6C6D8100BE3B31 /* Headers */ = {
			isa = PBXHeadersBuildPhase;
			buildActionMask = 2147483647;
			files = (
				4326C0EE1B715CB9008BB699 /* UIColor+Colors.h in Headers */,
				4393E1A81B6EEA70002AADB3 /* CHPersistenceController.h in Headers */,
				4393E1BB1B6FC68E002AADB3 /* CHBaseEntity.h in Headers */,
				4393E1AC1B6EEB22002AADB3 /* CHInMemoryPersistenceController.h in Headers */,
				43B996561B71BCD8003363E9 /* CHNumberTextFieldDelegate.h in Headers */,
				4318BE6C1B6C6D8100BE3B31 /* ChingKit.h in Headers */,
				4393E1C71B6FC735002AADB3 /* CHEnvelope.h in Headers */,
			);
			runOnlyForDeploymentPostprocessing = 0;
		};
/* End PBXHeadersBuildPhase section */

/* Begin PBXNativeTarget section */
		4318BE381B6C6D3200BE3B31 /* Ching */ = {
			isa = PBXNativeTarget;
			buildConfigurationList = 4318BE5C1B6C6D3200BE3B31 /* Build configuration list for PBXNativeTarget "Ching" */;
			buildPhases = (
				4318BE351B6C6D3200BE3B31 /* Sources */,
				4318BE361B6C6D3200BE3B31 /* Frameworks */,
				4318BE371B6C6D3200BE3B31 /* Resources */,
				4318BE831B6C6D8100BE3B31 /* Embed Frameworks */,
			);
			buildRules = (
			);
			dependencies = (
				4318BE7D1B6C6D8100BE3B31 /* PBXTargetDependency */,
			);
			name = Ching;
			productName = Ching;
			productReference = 4318BE391B6C6D3200BE3B31 /* Ching.app */;
			productType = "com.apple.product-type.application";
		};
		4318BE511B6C6D3200BE3B31 /* ChingTests */ = {
			isa = PBXNativeTarget;
			buildConfigurationList = 4318BE5F1B6C6D3200BE3B31 /* Build configuration list for PBXNativeTarget "ChingTests" */;
			buildPhases = (
				4318BE4E1B6C6D3200BE3B31 /* Sources */,
				4318BE4F1B6C6D3200BE3B31 /* Frameworks */,
				4318BE501B6C6D3200BE3B31 /* Resources */,
				43F039B01B6EDBC300936556 /* Embed Carthage Frameworks */,
			);
			buildRules = (
			);
			dependencies = (
				4318BE541B6C6D3200BE3B31 /* PBXTargetDependency */,
			);
			name = ChingTests;
			productName = ChingTests;
			productReference = 4318BE521B6C6D3200BE3B31 /* ChingTests.xctest */;
			productType = "com.apple.product-type.bundle.unit-test";
		};
		4318BE661B6C6D8100BE3B31 /* ChingKit */ = {
			isa = PBXNativeTarget;
			buildConfigurationList = 4318BE801B6C6D8100BE3B31 /* Build configuration list for PBXNativeTarget "ChingKit" */;
			buildPhases = (
				4318BE621B6C6D8100BE3B31 /* Sources */,
				4318BE631B6C6D8100BE3B31 /* Frameworks */,
				4318BE641B6C6D8100BE3B31 /* Headers */,
				4318BE651B6C6D8100BE3B31 /* Resources */,
			);
			buildRules = (
			);
			dependencies = (
			);
			name = ChingKit;
			productName = ChingKit;
			productReference = 4318BE671B6C6D8100BE3B31 /* ChingKit.framework */;
			productType = "com.apple.product-type.framework";
		};
		4318BE701B6C6D8100BE3B31 /* ChingKitTests */ = {
			isa = PBXNativeTarget;
			buildConfigurationList = 4318BE841B6C6D8100BE3B31 /* Build configuration list for PBXNativeTarget "ChingKitTests" */;
			buildPhases = (
				4318BE6D1B6C6D8100BE3B31 /* Sources */,
				4318BE6E1B6C6D8100BE3B31 /* Frameworks */,
				4318BE6F1B6C6D8100BE3B31 /* Resources */,
				4393E1A01B6EDD11002AADB3 /* Embed Carthage Frameworks */,
			);
			buildRules = (
			);
			dependencies = (
				4318BE741B6C6D8100BE3B31 /* PBXTargetDependency */,
				4318BE761B6C6D8100BE3B31 /* PBXTargetDependency */,
			);
			name = ChingKitTests;
			productName = ChingKitTests;
			productReference = 4318BE711B6C6D8100BE3B31 /* ChingKitTests.xctest */;
			productType = "com.apple.product-type.bundle.unit-test";
		};
/* End PBXNativeTarget section */

/* Begin PBXProject section */
		4318BE311B6C6D3200BE3B31 /* Project object */ = {
			isa = PBXProject;
			attributes = {
				LastUpgradeCheck = 0640;
				ORGANIZATIONNAME = "Nate Armstrong";
				TargetAttributes = {
					4318BE381B6C6D3200BE3B31 = {
						CreatedOnToolsVersion = 6.4;
					};
					4318BE511B6C6D3200BE3B31 = {
						CreatedOnToolsVersion = 6.4;
						TestTargetID = 4318BE381B6C6D3200BE3B31;
					};
					4318BE661B6C6D8100BE3B31 = {
						CreatedOnToolsVersion = 6.4;
					};
					4318BE701B6C6D8100BE3B31 = {
						CreatedOnToolsVersion = 6.4;
						TestTargetID = 4318BE381B6C6D3200BE3B31;
					};
				};
			};
			buildConfigurationList = 4318BE341B6C6D3200BE3B31 /* Build configuration list for PBXProject "Ching" */;
			compatibilityVersion = "Xcode 3.2";
			developmentRegion = English;
			hasScannedForEncodings = 0;
			knownRegions = (
				en,
				Base,
			);
			mainGroup = 4318BE301B6C6D3200BE3B31;
			productRefGroup = 4318BE3A1B6C6D3200BE3B31 /* Products */;
			projectDirPath = "";
			projectRoot = "";
			targets = (
				4318BE381B6C6D3200BE3B31 /* Ching */,
				4318BE511B6C6D3200BE3B31 /* ChingTests */,
				4318BE661B6C6D8100BE3B31 /* ChingKit */,
				4318BE701B6C6D8100BE3B31 /* ChingKitTests */,
			);
		};
/* End PBXProject section */

/* Begin PBXResourcesBuildPhase section */
		4318BE371B6C6D3200BE3B31 /* Resources */ = {
			isa = PBXResourcesBuildPhase;
			buildActionMask = 2147483647;
			files = (
				4318BE481B6C6D3200BE3B31 /* Main.storyboard in Resources */,
				4318BE4D1B6C6D3200BE3B31 /* LaunchScreen.xib in Resources */,
				4318BE4A1B6C6D3200BE3B31 /* Images.xcassets in Resources */,
			);
			runOnlyForDeploymentPostprocessing = 0;
		};
		4318BE501B6C6D3200BE3B31 /* Resources */ = {
			isa = PBXResourcesBuildPhase;
			buildActionMask = 2147483647;
			files = (
			);
			runOnlyForDeploymentPostprocessing = 0;
		};
		4318BE651B6C6D8100BE3B31 /* Resources */ = {
			isa = PBXResourcesBuildPhase;
			buildActionMask = 2147483647;
			files = (
			);
			runOnlyForDeploymentPostprocessing = 0;
		};
		4318BE6F1B6C6D8100BE3B31 /* Resources */ = {
			isa = PBXResourcesBuildPhase;
			buildActionMask = 2147483647;
			files = (
			);
			runOnlyForDeploymentPostprocessing = 0;
		};
/* End PBXResourcesBuildPhase section */

/* Begin PBXShellScriptBuildPhase section */
		4393E1A01B6EDD11002AADB3 /* Embed Carthage Frameworks */ = {
			isa = PBXShellScriptBuildPhase;
			buildActionMask = 2147483647;
			files = (
			);
			inputPaths = (
				"$(SRCROOT)/Carthage/Build/iOS/Specta.framework",
				"$(SRCROOT)/Carthage/Build/iOS/Expecta.framework",
			);
			name = "Embed Carthage Frameworks";
			outputPaths = (
			);
			runOnlyForDeploymentPostprocessing = 0;
			shellPath = /bin/sh;
			shellScript = "/usr/local/bin/carthage copy-frameworks";
		};
		43F039B01B6EDBC300936556 /* Embed Carthage Frameworks */ = {
			isa = PBXShellScriptBuildPhase;
			buildActionMask = 2147483647;
			files = (
			);
			inputPaths = (
				"$(SRCROOT)/Carthage/Build/iOS/Specta.framework",
				"$(SRCROOT)/Carthage/Build/iOS/Expecta.framework",
			);
			name = "Embed Carthage Frameworks";
			outputPaths = (
			);
			runOnlyForDeploymentPostprocessing = 0;
			shellPath = /bin/sh;
			shellScript = "/usr/local/bin/carthage copy-frameworks";
		};
/* End PBXShellScriptBuildPhase section */

/* Begin PBXSourcesBuildPhase section */
		4318BE351B6C6D3200BE3B31 /* Sources */ = {
			isa = PBXSourcesBuildPhase;
			buildActionMask = 2147483647;
			files = (
				43F039AE1B6ED88700936556 /* EnvelopesViewController.m in Sources */,
				4358DA1C1B719714007C6A65 /* BudgetInputTableViewCell.m in Sources */,
				43CDAB6E1B706D1800E72E11 /* SingleInputTableViewCell.m in Sources */,
				4318BE421B6C6D3200BE3B31 /* AppDelegate.m in Sources */,
				4393E1A31B6EDF2B002AADB3 /* CoreDataTableViewController.m in Sources */,
				43CDAB741B7110B900E72E11 /* EnvelopeViewController.m in Sources */,
				4318BE3F1B6C6D3200BE3B31 /* main.m in Sources */,
			);
			runOnlyForDeploymentPostprocessing = 0;
		};
		4318BE4E1B6C6D3200BE3B31 /* Sources */ = {
			isa = PBXSourcesBuildPhase;
			buildActionMask = 2147483647;
			files = (
				43F039AB1B6ED70300936556 /* EnvelopesViewControllerSpec.m in Sources */,
				43B996531B71BBB1003363E9 /* CHNumberTextFieldDelegate.m in Sources */,
				43CDAB711B71105B00E72E11 /* EnvelopeViewControllerSpec.m in Sources */,
				4326C0E61B711A38008BB699 /* SpecHelper.m in Sources */,
			);
			runOnlyForDeploymentPostprocessing = 0;
		};
		4318BE621B6C6D8100BE3B31 /* Sources */ = {
			isa = PBXSourcesBuildPhase;
			buildActionMask = 2147483647;
			files = (
				43B996571B71BCD8003363E9 /* CHNumberTextFieldDelegate.m in Sources */,
				4393E1BC1B6FC68E002AADB3 /* CHBaseEntity.m in Sources */,
				4326C0EF1B715CB9008BB699 /* UIColor+Colors.m in Sources */,
				4393E1AD1B6EEB22002AADB3 /* CHInMemoryPersistenceController.m in Sources */,
				4393E1A91B6EEA70002AADB3 /* CHPersistenceController.m in Sources */,
				4393E1B11B6FC1CF002AADB3 /* DataModel.xcdatamodeld in Sources */,
				4393E1C81B6FC735002AADB3 /* CHEnvelope.m in Sources */,
			);
			runOnlyForDeploymentPostprocessing = 0;
		};
		4318BE6D1B6C6D8100BE3B31 /* Sources */ = {
			isa = PBXSourcesBuildPhase;
			buildActionMask = 2147483647;
			files = (
				43A057831B6FFF4E00BC03E7 /* CHEnvelopeSpecs.m in Sources */,
				4358DA1E1B719B6A007C6A65 /* CHBaseEntitySpec.m in Sources */,
			);
			runOnlyForDeploymentPostprocessing = 0;
		};
/* End PBXSourcesBuildPhase section */

/* Begin PBXTargetDependency section */
		4318BE541B6C6D3200BE3B31 /* PBXTargetDependency */ = {
			isa = PBXTargetDependency;
			target = 4318BE381B6C6D3200BE3B31 /* Ching */;
			targetProxy = 4318BE531B6C6D3200BE3B31 /* PBXContainerItemProxy */;
		};
		4318BE741B6C6D8100BE3B31 /* PBXTargetDependency */ = {
			isa = PBXTargetDependency;
			target = 4318BE661B6C6D8100BE3B31 /* ChingKit */;
			targetProxy = 4318BE731B6C6D8100BE3B31 /* PBXContainerItemProxy */;
		};
		4318BE761B6C6D8100BE3B31 /* PBXTargetDependency */ = {
			isa = PBXTargetDependency;
			target = 4318BE381B6C6D3200BE3B31 /* Ching */;
			targetProxy = 4318BE751B6C6D8100BE3B31 /* PBXContainerItemProxy */;
		};
		4318BE7D1B6C6D8100BE3B31 /* PBXTargetDependency */ = {
			isa = PBXTargetDependency;
			target = 4318BE661B6C6D8100BE3B31 /* ChingKit */;
			targetProxy = 4318BE7C1B6C6D8100BE3B31 /* PBXContainerItemProxy */;
		};
/* End PBXTargetDependency section */

/* Begin PBXVariantGroup section */
		4318BE461B6C6D3200BE3B31 /* Main.storyboard */ = {
			isa = PBXVariantGroup;
			children = (
				4318BE471B6C6D3200BE3B31 /* Base */,
			);
			name = Main.storyboard;
			sourceTree = "<group>";
		};
		4318BE4B1B6C6D3200BE3B31 /* LaunchScreen.xib */ = {
			isa = PBXVariantGroup;
			children = (
				4318BE4C1B6C6D3200BE3B31 /* Base */,
			);
			name = LaunchScreen.xib;
			sourceTree = "<group>";
		};
/* End PBXVariantGroup section */

/* Begin XCBuildConfiguration section */
		4318BE5A1B6C6D3200BE3B31 /* Debug */ = {
			isa = XCBuildConfiguration;
			buildSettings = {
				ALWAYS_SEARCH_USER_PATHS = NO;
				CLANG_CXX_LANGUAGE_STANDARD = "gnu++0x";
				CLANG_CXX_LIBRARY = "libc++";
				CLANG_ENABLE_MODULES = YES;
				CLANG_ENABLE_OBJC_ARC = YES;
				CLANG_WARN_BOOL_CONVERSION = YES;
				CLANG_WARN_CONSTANT_CONVERSION = YES;
				CLANG_WARN_DIRECT_OBJC_ISA_USAGE = YES_ERROR;
				CLANG_WARN_EMPTY_BODY = YES;
				CLANG_WARN_ENUM_CONVERSION = YES;
				CLANG_WARN_INT_CONVERSION = YES;
				CLANG_WARN_OBJC_ROOT_CLASS = YES_ERROR;
				CLANG_WARN_UNREACHABLE_CODE = YES;
				CLANG_WARN__DUPLICATE_METHOD_MATCH = YES;
				"CODE_SIGN_IDENTITY[sdk=iphoneos*]" = "iPhone Developer";
				COPY_PHASE_STRIP = NO;
				DEBUG_INFORMATION_FORMAT = "dwarf-with-dsym";
				ENABLE_STRICT_OBJC_MSGSEND = YES;
				GCC_C_LANGUAGE_STANDARD = gnu99;
				GCC_DYNAMIC_NO_PIC = NO;
				GCC_NO_COMMON_BLOCKS = YES;
				GCC_OPTIMIZATION_LEVEL = 0;
				GCC_PREPROCESSOR_DEFINITIONS = (
					"DEBUG=1",
					"$(inherited)",
				);
				GCC_SYMBOLS_PRIVATE_EXTERN = NO;
				GCC_WARN_64_TO_32_BIT_CONVERSION = YES;
				GCC_WARN_ABOUT_RETURN_TYPE = YES_ERROR;
				GCC_WARN_UNDECLARED_SELECTOR = YES;
				GCC_WARN_UNINITIALIZED_AUTOS = YES_AGGRESSIVE;
				GCC_WARN_UNUSED_FUNCTION = YES;
				GCC_WARN_UNUSED_VARIABLE = YES;
				IPHONEOS_DEPLOYMENT_TARGET = 8.4;
				MTL_ENABLE_DEBUG_INFO = YES;
				ONLY_ACTIVE_ARCH = YES;
				SDKROOT = iphoneos;
				TARGETED_DEVICE_FAMILY = "1,2";
			};
			name = Debug;
		};
		4318BE5B1B6C6D3200BE3B31 /* Release */ = {
			isa = XCBuildConfiguration;
			buildSettings = {
				ALWAYS_SEARCH_USER_PATHS = NO;
				CLANG_CXX_LANGUAGE_STANDARD = "gnu++0x";
				CLANG_CXX_LIBRARY = "libc++";
				CLANG_ENABLE_MODULES = YES;
				CLANG_ENABLE_OBJC_ARC = YES;
				CLANG_WARN_BOOL_CONVERSION = YES;
				CLANG_WARN_CONSTANT_CONVERSION = YES;
				CLANG_WARN_DIRECT_OBJC_ISA_USAGE = YES_ERROR;
				CLANG_WARN_EMPTY_BODY = YES;
				CLANG_WARN_ENUM_CONVERSION = YES;
				CLANG_WARN_INT_CONVERSION = YES;
				CLANG_WARN_OBJC_ROOT_CLASS = YES_ERROR;
				CLANG_WARN_UNREACHABLE_CODE = YES;
				CLANG_WARN__DUPLICATE_METHOD_MATCH = YES;
				"CODE_SIGN_IDENTITY[sdk=iphoneos*]" = "iPhone Developer";
				COPY_PHASE_STRIP = NO;
				DEBUG_INFORMATION_FORMAT = "dwarf-with-dsym";
				ENABLE_NS_ASSERTIONS = NO;
				ENABLE_STRICT_OBJC_MSGSEND = YES;
				GCC_C_LANGUAGE_STANDARD = gnu99;
				GCC_NO_COMMON_BLOCKS = YES;
				GCC_WARN_64_TO_32_BIT_CONVERSION = YES;
				GCC_WARN_ABOUT_RETURN_TYPE = YES_ERROR;
				GCC_WARN_UNDECLARED_SELECTOR = YES;
				GCC_WARN_UNINITIALIZED_AUTOS = YES_AGGRESSIVE;
				GCC_WARN_UNUSED_FUNCTION = YES;
				GCC_WARN_UNUSED_VARIABLE = YES;
				IPHONEOS_DEPLOYMENT_TARGET = 8.4;
				MTL_ENABLE_DEBUG_INFO = NO;
				SDKROOT = iphoneos;
				TARGETED_DEVICE_FAMILY = "1,2";
				VALIDATE_PRODUCT = YES;
			};
			name = Release;
		};
		4318BE5D1B6C6D3200BE3B31 /* Debug */ = {
			isa = XCBuildConfiguration;
			buildSettings = {
				ASSETCATALOG_COMPILER_APPICON_NAME = AppIcon;
				FRAMEWORK_SEARCH_PATHS = (
					"$(inherited)",
					"$(PROJECT_DIR)/Carthage/Build/iOS",
				);
				INFOPLIST_FILE = Ching/Info.plist;
				LD_RUNPATH_SEARCH_PATHS = "$(inherited) @executable_path/Frameworks";
				PRODUCT_NAME = "$(TARGET_NAME)";
			};
			name = Debug;
		};
		4318BE5E1B6C6D3200BE3B31 /* Release */ = {
			isa = XCBuildConfiguration;
			buildSettings = {
				ASSETCATALOG_COMPILER_APPICON_NAME = AppIcon;
				FRAMEWORK_SEARCH_PATHS = (
					"$(inherited)",
					"$(PROJECT_DIR)/Carthage/Build/iOS",
				);
				INFOPLIST_FILE = Ching/Info.plist;
				LD_RUNPATH_SEARCH_PATHS = "$(inherited) @executable_path/Frameworks";
				PRODUCT_NAME = "$(TARGET_NAME)";
			};
			name = Release;
		};
		4318BE601B6C6D3200BE3B31 /* Debug */ = {
			isa = XCBuildConfiguration;
			buildSettings = {
				BUNDLE_LOADER = "$(TEST_HOST)";
				FRAMEWORK_SEARCH_PATHS = (
					"$(SDKROOT)/Developer/Library/Frameworks",
					"$(inherited)",
					"$(PROJECT_DIR)/Carthage/Build/iOS",
					"$(PROJECT_DIR)/Carthage/Build/Mac",
				);
				GCC_PREPROCESSOR_DEFINITIONS = (
					"DEBUG=1",
					"$(inherited)",
				);
				HEADER_SEARCH_PATHS = (
					"$(inherited)",
					/Applications/Xcode.app/Contents/Developer/Toolchains/XcodeDefault.xctoolchain/usr/include,
					"$(PROJECT_DIR)/Vendor/OCMock/",
				);
				INFOPLIST_FILE = ChingTests/Info.plist;
				LD_RUNPATH_SEARCH_PATHS = "$(inherited) @executable_path/Frameworks @loader_path/Frameworks";
				LIBRARY_SEARCH_PATHS = (
					"$(inherited)",
					"$(PROJECT_DIR)",
					"$(PROJECT_DIR)/Vendor/OCMock",
				);
				OTHER_LDFLAGS = (
					"$(inherited)",
					"-framework",
					XCTest,
					"-ObjC",
				);
				PRODUCT_NAME = "$(TARGET_NAME)";
				TEST_HOST = "$(BUILT_PRODUCTS_DIR)/Ching.app/Ching";
			};
			name = Debug;
		};
		4318BE611B6C6D3200BE3B31 /* Release */ = {
			isa = XCBuildConfiguration;
			buildSettings = {
				BUNDLE_LOADER = "$(TEST_HOST)";
				FRAMEWORK_SEARCH_PATHS = (
					"$(SDKROOT)/Developer/Library/Frameworks",
					"$(inherited)",
					"$(PROJECT_DIR)/Carthage/Build/iOS",
					"$(PROJECT_DIR)/Carthage/Build/Mac",
				);
				HEADER_SEARCH_PATHS = (
					"$(inherited)",
					/Applications/Xcode.app/Contents/Developer/Toolchains/XcodeDefault.xctoolchain/usr/include,
					"$(PROJECT_DIR)/Vendor/OCMock/",
				);
				INFOPLIST_FILE = ChingTests/Info.plist;
				LD_RUNPATH_SEARCH_PATHS = "$(inherited) @executable_path/Frameworks @loader_path/Frameworks";
				LIBRARY_SEARCH_PATHS = (
					"$(inherited)",
					"$(PROJECT_DIR)",
					"$(PROJECT_DIR)/Vendor/OCMock",
				);
				OTHER_LDFLAGS = (
					"$(inherited)",
					"-framework",
					XCTest,
					"-ObjC",
				);
				PRODUCT_NAME = "$(TARGET_NAME)";
				TEST_HOST = "$(BUILT_PRODUCTS_DIR)/Ching.app/Ching";
			};
			name = Release;
		};
		4318BE811B6C6D8100BE3B31 /* Debug */ = {
			isa = XCBuildConfiguration;
			buildSettings = {
				CLANG_ENABLE_MODULES = YES;
				CURRENT_PROJECT_VERSION = 1;
				DEFINES_MODULE = YES;
				DYLIB_COMPATIBILITY_VERSION = 1;
				DYLIB_CURRENT_VERSION = 1;
				DYLIB_INSTALL_NAME_BASE = "@rpath";
				GCC_PREPROCESSOR_DEFINITIONS = (
					"DEBUG=1",
					"$(inherited)",
				);
				INFOPLIST_FILE = ChingKit/Info.plist;
				INSTALL_PATH = "$(LOCAL_LIBRARY_DIR)/Frameworks";
				LD_RUNPATH_SEARCH_PATHS = "$(inherited) @executable_path/Frameworks @loader_path/Frameworks";
				PRODUCT_NAME = "$(TARGET_NAME)";
				SKIP_INSTALL = YES;
				SWIFT_OPTIMIZATION_LEVEL = "-Onone";
				VERSIONING_SYSTEM = "apple-generic";
				VERSION_INFO_PREFIX = "";
			};
			name = Debug;
		};
		4318BE821B6C6D8100BE3B31 /* Release */ = {
			isa = XCBuildConfiguration;
			buildSettings = {
				CLANG_ENABLE_MODULES = YES;
				CURRENT_PROJECT_VERSION = 1;
				DEFINES_MODULE = YES;
				DYLIB_COMPATIBILITY_VERSION = 1;
				DYLIB_CURRENT_VERSION = 1;
				DYLIB_INSTALL_NAME_BASE = "@rpath";
				INFOPLIST_FILE = ChingKit/Info.plist;
				INSTALL_PATH = "$(LOCAL_LIBRARY_DIR)/Frameworks";
				LD_RUNPATH_SEARCH_PATHS = "$(inherited) @executable_path/Frameworks @loader_path/Frameworks";
				PRODUCT_NAME = "$(TARGET_NAME)";
				SKIP_INSTALL = YES;
				VERSIONING_SYSTEM = "apple-generic";
				VERSION_INFO_PREFIX = "";
			};
			name = Release;
		};
		4318BE851B6C6D8100BE3B31 /* Debug */ = {
			isa = XCBuildConfiguration;
			buildSettings = {
				FRAMEWORK_SEARCH_PATHS = (
					"$(SDKROOT)/Developer/Library/Frameworks",
					"$(inherited)",
					"$(PROJECT_DIR)/Carthage/Build/iOS",
					"$(PROJECT_DIR)/Carthage/Build/Mac",
				);
				GCC_PREPROCESSOR_DEFINITIONS = (
					"DEBUG=1",
					"$(inherited)",
				);
				HEADER_SEARCH_PATHS = (
					"$(inherited)",
					/Applications/Xcode.app/Contents/Developer/Toolchains/XcodeDefault.xctoolchain/usr/include,
					"$(PROJECT_DIR)/Vendor/OCMock/",
				);
				INFOPLIST_FILE = ChingKitTests/Info.plist;
				LD_RUNPATH_SEARCH_PATHS = "$(inherited) @executable_path/Frameworks @loader_path/Frameworks";
				LIBRARY_SEARCH_PATHS = (
					"$(inherited)",
					"$(PROJECT_DIR)",
					"$(PROJECT_DIR)/Vendor/OCMock",
				);
				OTHER_LDFLAGS = (
					"$(inherited)",
					"-framework",
					XCTest,
					"-ObjC",
				);
				PRODUCT_NAME = "$(TARGET_NAME)";
				TEST_HOST = "$(BUILT_PRODUCTS_DIR)/Ching.app/Ching";
			};
			name = Debug;
		};
		4318BE861B6C6D8100BE3B31 /* Release */ = {
			isa = XCBuildConfiguration;
			buildSettings = {
				FRAMEWORK_SEARCH_PATHS = (
					"$(SDKROOT)/Developer/Library/Frameworks",
					"$(inherited)",
					"$(PROJECT_DIR)/Carthage/Build/iOS",
					"$(PROJECT_DIR)/Carthage/Build/Mac",
				);
				HEADER_SEARCH_PATHS = (
					"$(inherited)",
					/Applications/Xcode.app/Contents/Developer/Toolchains/XcodeDefault.xctoolchain/usr/include,
					"$(PROJECT_DIR)/Vendor/OCMock/",
				);
				INFOPLIST_FILE = ChingKitTests/Info.plist;
				LD_RUNPATH_SEARCH_PATHS = "$(inherited) @executable_path/Frameworks @loader_path/Frameworks";
				LIBRARY_SEARCH_PATHS = (
					"$(inherited)",
					"$(PROJECT_DIR)",
					"$(PROJECT_DIR)/Vendor/OCMock",
				);
				OTHER_LDFLAGS = (
					"$(inherited)",
					"-framework",
					XCTest,
					"-ObjC",
				);
				PRODUCT_NAME = "$(TARGET_NAME)";
				TEST_HOST = "$(BUILT_PRODUCTS_DIR)/Ching.app/Ching";
			};
			name = Release;
		};
/* End XCBuildConfiguration section */

/* Begin XCConfigurationList section */
		4318BE341B6C6D3200BE3B31 /* Build configuration list for PBXProject "Ching" */ = {
			isa = XCConfigurationList;
			buildConfigurations = (
				4318BE5A1B6C6D3200BE3B31 /* Debug */,
				4318BE5B1B6C6D3200BE3B31 /* Release */,
			);
			defaultConfigurationIsVisible = 0;
			defaultConfigurationName = Release;
		};
		4318BE5C1B6C6D3200BE3B31 /* Build configuration list for PBXNativeTarget "Ching" */ = {
			isa = XCConfigurationList;
			buildConfigurations = (
				4318BE5D1B6C6D3200BE3B31 /* Debug */,
				4318BE5E1B6C6D3200BE3B31 /* Release */,
			);
			defaultConfigurationIsVisible = 0;
			defaultConfigurationName = Release;
		};
		4318BE5F1B6C6D3200BE3B31 /* Build configuration list for PBXNativeTarget "ChingTests" */ = {
			isa = XCConfigurationList;
			buildConfigurations = (
				4318BE601B6C6D3200BE3B31 /* Debug */,
				4318BE611B6C6D3200BE3B31 /* Release */,
			);
			defaultConfigurationIsVisible = 0;
			defaultConfigurationName = Release;
		};
		4318BE801B6C6D8100BE3B31 /* Build configuration list for PBXNativeTarget "ChingKit" */ = {
			isa = XCConfigurationList;
			buildConfigurations = (
				4318BE811B6C6D8100BE3B31 /* Debug */,
				4318BE821B6C6D8100BE3B31 /* Release */,
			);
			defaultConfigurationIsVisible = 0;
			defaultConfigurationName = Release;
		};
		4318BE841B6C6D8100BE3B31 /* Build configuration list for PBXNativeTarget "ChingKitTests" */ = {
			isa = XCConfigurationList;
			buildConfigurations = (
				4318BE851B6C6D8100BE3B31 /* Debug */,
				4318BE861B6C6D8100BE3B31 /* Release */,
			);
			defaultConfigurationIsVisible = 0;
			defaultConfigurationName = Release;
		};
/* End XCConfigurationList section */

/* Begin XCVersionGroup section */
		4393E1AF1B6FC1CF002AADB3 /* DataModel.xcdatamodeld */ = {
			isa = XCVersionGroup;
			children = (
				4393E1B01B6FC1CF002AADB3 /* DataModel.xcdatamodel */,
			);
			currentVersion = 4393E1B01B6FC1CF002AADB3 /* DataModel.xcdatamodel */;
			path = DataModel.xcdatamodeld;
			sourceTree = "<group>";
			versionGroupType = wrapper.xcdatamodel;
		};
/* End XCVersionGroup section */
	};
	rootObject = 4318BE311B6C6D3200BE3B31 /* Project object */;
}
